// !$*UTF8*$!
{
	archiveVersion = 1;
	classes = {
	};
	objectVersion = 55;
	objects = {

/* Begin PBXBuildFile section */
		90577C5F2A825F3400B8CE6C /* AppDelegate.swift in Sources */ = {isa = PBXBuildFile; fileRef = 90577C5E2A825F3400B8CE6C /* AppDelegate.swift */; };
		90577C682A825F3500B8CE6C /* Assets.xcassets in Resources */ = {isa = PBXBuildFile; fileRef = 90577C672A825F3500B8CE6C /* Assets.xcassets */; };
		90577C6B2A825F3500B8CE6C /* LaunchScreen.storyboard in Resources */ = {isa = PBXBuildFile; fileRef = 90577C692A825F3500B8CE6C /* LaunchScreen.storyboard */; };
		90577C762A825F3500B8CE6C /* simpra_code_caseTests.swift in Sources */ = {isa = PBXBuildFile; fileRef = 90577C752A825F3500B8CE6C /* simpra_code_caseTests.swift */; };
		90577C802A825F3500B8CE6C /* simpra_code_caseUITests.swift in Sources */ = {isa = PBXBuildFile; fileRef = 90577C7F2A825F3500B8CE6C /* simpra_code_caseUITests.swift */; };
		90577C822A825F3500B8CE6C /* simpra_code_caseUITestsLaunchTests.swift in Sources */ = {isa = PBXBuildFile; fileRef = 90577C812A825F3500B8CE6C /* simpra_code_caseUITestsLaunchTests.swift */; };
		9064ABD32A82661100F53F5F /* BaseView.swift in Sources */ = {isa = PBXBuildFile; fileRef = 9064ABD22A82661100F53F5F /* BaseView.swift */; };
		9064ABD52A82662D00F53F5F /* BaseViewController.swift in Sources */ = {isa = PBXBuildFile; fileRef = 9064ABD42A82662D00F53F5F /* BaseViewController.swift */; };
		9064ABD72A82669200F53F5F /* GenericBaseView.swift in Sources */ = {isa = PBXBuildFile; fileRef = 9064ABD62A82669200F53F5F /* GenericBaseView.swift */; };
		9064ABDB2A8266BF00F53F5F /* BaseViewModelDelegate.swift in Sources */ = {isa = PBXBuildFile; fileRef = 9064ABDA2A8266BF00F53F5F /* BaseViewModelDelegate.swift */; };
		9064ABDD2A8266DF00F53F5F /* GenericValueProtocol.swift in Sources */ = {isa = PBXBuildFile; fileRef = 9064ABDC2A8266DF00F53F5F /* GenericValueProtocol.swift */; };
		9064ABE02A82670700F53F5F /* BaseCoordinator.swift in Sources */ = {isa = PBXBuildFile; fileRef = 9064ABDF2A82670700F53F5F /* BaseCoordinator.swift */; };
		9064ABE22A82671E00F53F5F /* Coordinator.swift in Sources */ = {isa = PBXBuildFile; fileRef = 9064ABE12A82671E00F53F5F /* Coordinator.swift */; };
		9064ABE62A82677700F53F5F /* Assembler+Extensions.swift in Sources */ = {isa = PBXBuildFile; fileRef = 9064ABE52A82677700F53F5F /* Assembler+Extensions.swift */; };
		9064ABE92A8268C600F53F5F /* DatabaseManager.swift in Sources */ = {isa = PBXBuildFile; fileRef = 9064ABE82A8268C600F53F5F /* DatabaseManager.swift */; };
		9064ABED2A826BB400F53F5F /* SplashViewModel.swift in Sources */ = {isa = PBXBuildFile; fileRef = 9064ABEC2A826BB400F53F5F /* SplashViewModel.swift */; };
		9064ABEF2A826BE400F53F5F /* SplashViewController.swift in Sources */ = {isa = PBXBuildFile; fileRef = 9064ABEE2A826BE400F53F5F /* SplashViewController.swift */; };
		9064ABF22A826C6600F53F5F /* AppCoordinator.swift in Sources */ = {isa = PBXBuildFile; fileRef = 9064ABF12A826C6600F53F5F /* AppCoordinator.swift */; };
		9064ABF42A826C7300F53F5F /* AppViewModel.swift in Sources */ = {isa = PBXBuildFile; fileRef = 9064ABF32A826C7300F53F5F /* AppViewModel.swift */; };
		9064ABF72A826CE100F53F5F /* ViewControllerUtils.swift in Sources */ = {isa = PBXBuildFile; fileRef = 9064ABF62A826CE100F53F5F /* ViewControllerUtils.swift */; };
		9064ABF92A826D0000F53F5F /* SplashCoordinator.swift in Sources */ = {isa = PBXBuildFile; fileRef = 9064ABF82A826D0000F53F5F /* SplashCoordinator.swift */; };
		9064ABFE2A826E0E00F53F5F /* AssemblerResolverDelegate.swift in Sources */ = {isa = PBXBuildFile; fileRef = 9064ABFD2A826E0E00F53F5F /* AssemblerResolverDelegate.swift */; };
		9064AC012A826E2700F53F5F /* AppCoordinatorAssembler.swift in Sources */ = {isa = PBXBuildFile; fileRef = 9064AC002A826E2700F53F5F /* AppCoordinatorAssembler.swift */; };
		9064AC032A826E3C00F53F5F /* SplashCoordinatorAssembler.swift in Sources */ = {isa = PBXBuildFile; fileRef = 9064AC022A826E3C00F53F5F /* SplashCoordinatorAssembler.swift */; };
		9064AC062A82711000F53F5F /* AuthenticationManager.swift in Sources */ = {isa = PBXBuildFile; fileRef = 9064AC052A82711000F53F5F /* AuthenticationManager.swift */; };
		9064AC092A82713800F53F5F /* SavedArray.swift in Sources */ = {isa = PBXBuildFile; fileRef = 9064AC082A82713800F53F5F /* SavedArray.swift */; };
		9064AC0C2A8271C600F53F5F /* DatabaseKeys.swift in Sources */ = {isa = PBXBuildFile; fileRef = 9064AC0B2A8271C600F53F5F /* DatabaseKeys.swift */; };
		9064AC102A82748D00F53F5F /* LoginViewModel.swift in Sources */ = {isa = PBXBuildFile; fileRef = 9064AC0F2A82748D00F53F5F /* LoginViewModel.swift */; };
		9064AC122A8274B700F53F5F /* LoginViewController.swift in Sources */ = {isa = PBXBuildFile; fileRef = 9064AC112A8274B700F53F5F /* LoginViewController.swift */; };
		9064AC142A8274D100F53F5F /* LoginCoordinator.swift in Sources */ = {isa = PBXBuildFile; fileRef = 9064AC132A8274D100F53F5F /* LoginCoordinator.swift */; };
		9064AC162A82761D00F53F5F /* LoginCoordinatorAssembler.swift in Sources */ = {isa = PBXBuildFile; fileRef = 9064AC152A82761D00F53F5F /* LoginCoordinatorAssembler.swift */; };
		9064AC1A2A82829400F53F5F /* CustomTextFieldData.swift in Sources */ = {isa = PBXBuildFile; fileRef = 9064AC192A82829400F53F5F /* CustomTextFieldData.swift */; };
		9064AC1C2A8282A000F53F5F /* CustomTextField.swift in Sources */ = {isa = PBXBuildFile; fileRef = 9064AC1B2A8282A000F53F5F /* CustomTextField.swift */; };
		9064AC1F2A82844000F53F5F /* Colors.swift in Sources */ = {isa = PBXBuildFile; fileRef = 9064AC1E2A82844000F53F5F /* Colors.swift */; };
		9064AC222A828B2300F53F5F /* ImageHelper.swift in Sources */ = {isa = PBXBuildFile; fileRef = 9064AC212A828B2300F53F5F /* ImageHelper.swift */; };
		9064AC272A828CED00F53F5F /* SnapKit in Frameworks */ = {isa = PBXBuildFile; productRef = 9064AC262A828CED00F53F5F /* SnapKit */; };
		9064AC362A82A58700F53F5F /* Roboto-Medium.ttf in Resources */ = {isa = PBXBuildFile; fileRef = 9064AC2A2A82A58600F53F5F /* Roboto-Medium.ttf */; };
		9064AC372A82A58700F53F5F /* Roboto-Bold.ttf in Resources */ = {isa = PBXBuildFile; fileRef = 9064AC2B2A82A58600F53F5F /* Roboto-Bold.ttf */; };
		9064AC3C2A82A58700F53F5F /* Roboto-Regular.ttf in Resources */ = {isa = PBXBuildFile; fileRef = 9064AC302A82A58700F53F5F /* Roboto-Regular.ttf */; };
		9064AC3D2A82A58700F53F5F /* Roboto-BoldItalic.ttf in Resources */ = {isa = PBXBuildFile; fileRef = 9064AC312A82A58700F53F5F /* Roboto-BoldItalic.ttf */; };
		9064AC432A82A62600F53F5F /* FontManager.swift in Sources */ = {isa = PBXBuildFile; fileRef = 9064AC422A82A62600F53F5F /* FontManager.swift */; };
		9064AC472A82AACE00F53F5F /* Localizable.strings in Resources */ = {isa = PBXBuildFile; fileRef = 9064AC492A82AACE00F53F5F /* Localizable.strings */; };
		9064AC4D2A82AB2700F53F5F /* Localizables.swift in Sources */ = {isa = PBXBuildFile; fileRef = 9064AC4C2A82AB2700F53F5F /* Localizables.swift */; };
		9064AC502A82C3EE00F53F5F /* ActionButton.swift in Sources */ = {isa = PBXBuildFile; fileRef = 9064AC4F2A82C3EE00F53F5F /* ActionButton.swift */; };
		9064AC522A82C40000F53F5F /* ActionButtonData.swift in Sources */ = {isa = PBXBuildFile; fileRef = 9064AC512A82C40000F53F5F /* ActionButtonData.swift */; };
		9064AC542A82C50C00F53F5F /* UIView+Extensions.swift in Sources */ = {isa = PBXBuildFile; fileRef = 9064AC532A82C50C00F53F5F /* UIView+Extensions.swift */; };
		906B857F2A8263F600DFBB99 /* Realm in Frameworks */ = {isa = PBXBuildFile; productRef = 906B857E2A8263F600DFBB99 /* Realm */; };
		906B85812A8263F600DFBB99 /* RealmSwift in Frameworks */ = {isa = PBXBuildFile; productRef = 906B85802A8263F600DFBB99 /* RealmSwift */; };
		906B85842A82640B00DFBB99 /* SwinjectAutoregistration in Frameworks */ = {isa = PBXBuildFile; productRef = 906B85832A82640B00DFBB99 /* SwinjectAutoregistration */; };
		906B85872A82642400DFBB99 /* Swinject in Frameworks */ = {isa = PBXBuildFile; productRef = 906B85862A82642400DFBB99 /* Swinject */; };
		906B858A2A82643B00DFBB99 /* RxCocoa in Frameworks */ = {isa = PBXBuildFile; productRef = 906B85892A82643B00DFBB99 /* RxCocoa */; };
		906B858C2A82643B00DFBB99 /* RxSwift in Frameworks */ = {isa = PBXBuildFile; productRef = 906B858B2A82643B00DFBB99 /* RxSwift */; };
		906B858F2A82645600DFBB99 /* NetworkLayer in Frameworks */ = {isa = PBXBuildFile; productRef = 906B858E2A82645600DFBB99 /* NetworkLayer */; };
/* End PBXBuildFile section */

/* Begin PBXContainerItemProxy section */
		90577C722A825F3500B8CE6C /* PBXContainerItemProxy */ = {
			isa = PBXContainerItemProxy;
			containerPortal = 90577C532A825F3400B8CE6C /* Project object */;
			proxyType = 1;
			remoteGlobalIDString = 90577C5A2A825F3400B8CE6C;
			remoteInfo = "simpra-code-case";
		};
		90577C7C2A825F3500B8CE6C /* PBXContainerItemProxy */ = {
			isa = PBXContainerItemProxy;
			containerPortal = 90577C532A825F3400B8CE6C /* Project object */;
			proxyType = 1;
			remoteGlobalIDString = 90577C5A2A825F3400B8CE6C;
			remoteInfo = "simpra-code-case";
		};
/* End PBXContainerItemProxy section */

/* Begin PBXFileReference section */
		90577C5B2A825F3400B8CE6C /* simpra-code-case.app */ = {isa = PBXFileReference; explicitFileType = wrapper.application; includeInIndex = 0; path = "simpra-code-case.app"; sourceTree = BUILT_PRODUCTS_DIR; };
		90577C5E2A825F3400B8CE6C /* AppDelegate.swift */ = {isa = PBXFileReference; lastKnownFileType = sourcecode.swift; path = AppDelegate.swift; sourceTree = "<group>"; };
		90577C672A825F3500B8CE6C /* Assets.xcassets */ = {isa = PBXFileReference; lastKnownFileType = folder.assetcatalog; path = Assets.xcassets; sourceTree = "<group>"; };
		90577C6A2A825F3500B8CE6C /* Base */ = {isa = PBXFileReference; lastKnownFileType = file.storyboard; name = Base; path = Base.lproj/LaunchScreen.storyboard; sourceTree = "<group>"; };
		90577C6C2A825F3500B8CE6C /* Info.plist */ = {isa = PBXFileReference; lastKnownFileType = text.plist.xml; path = Info.plist; sourceTree = "<group>"; };
		90577C712A825F3500B8CE6C /* simpra-code-caseTests.xctest */ = {isa = PBXFileReference; explicitFileType = wrapper.cfbundle; includeInIndex = 0; path = "simpra-code-caseTests.xctest"; sourceTree = BUILT_PRODUCTS_DIR; };
		90577C752A825F3500B8CE6C /* simpra_code_caseTests.swift */ = {isa = PBXFileReference; lastKnownFileType = sourcecode.swift; path = simpra_code_caseTests.swift; sourceTree = "<group>"; };
		90577C7B2A825F3500B8CE6C /* simpra-code-caseUITests.xctest */ = {isa = PBXFileReference; explicitFileType = wrapper.cfbundle; includeInIndex = 0; path = "simpra-code-caseUITests.xctest"; sourceTree = BUILT_PRODUCTS_DIR; };
		90577C7F2A825F3500B8CE6C /* simpra_code_caseUITests.swift */ = {isa = PBXFileReference; lastKnownFileType = sourcecode.swift; path = simpra_code_caseUITests.swift; sourceTree = "<group>"; };
		90577C812A825F3500B8CE6C /* simpra_code_caseUITestsLaunchTests.swift */ = {isa = PBXFileReference; lastKnownFileType = sourcecode.swift; path = simpra_code_caseUITestsLaunchTests.swift; sourceTree = "<group>"; };
		9064ABD22A82661100F53F5F /* BaseView.swift */ = {isa = PBXFileReference; lastKnownFileType = sourcecode.swift; path = BaseView.swift; sourceTree = "<group>"; };
		9064ABD42A82662D00F53F5F /* BaseViewController.swift */ = {isa = PBXFileReference; lastKnownFileType = sourcecode.swift; path = BaseViewController.swift; sourceTree = "<group>"; };
		9064ABD62A82669200F53F5F /* GenericBaseView.swift */ = {isa = PBXFileReference; lastKnownFileType = sourcecode.swift; path = GenericBaseView.swift; sourceTree = "<group>"; };
		9064ABDA2A8266BF00F53F5F /* BaseViewModelDelegate.swift */ = {isa = PBXFileReference; lastKnownFileType = sourcecode.swift; path = BaseViewModelDelegate.swift; sourceTree = "<group>"; };
		9064ABDC2A8266DF00F53F5F /* GenericValueProtocol.swift */ = {isa = PBXFileReference; lastKnownFileType = sourcecode.swift; path = GenericValueProtocol.swift; sourceTree = "<group>"; };
		9064ABDF2A82670700F53F5F /* BaseCoordinator.swift */ = {isa = PBXFileReference; lastKnownFileType = sourcecode.swift; path = BaseCoordinator.swift; sourceTree = "<group>"; };
		9064ABE12A82671E00F53F5F /* Coordinator.swift */ = {isa = PBXFileReference; lastKnownFileType = sourcecode.swift; path = Coordinator.swift; sourceTree = "<group>"; };
		9064ABE52A82677700F53F5F /* Assembler+Extensions.swift */ = {isa = PBXFileReference; lastKnownFileType = sourcecode.swift; path = "Assembler+Extensions.swift"; sourceTree = "<group>"; };
		9064ABE82A8268C600F53F5F /* DatabaseManager.swift */ = {isa = PBXFileReference; lastKnownFileType = sourcecode.swift; path = DatabaseManager.swift; sourceTree = "<group>"; };
		9064ABEC2A826BB400F53F5F /* SplashViewModel.swift */ = {isa = PBXFileReference; lastKnownFileType = sourcecode.swift; path = SplashViewModel.swift; sourceTree = "<group>"; };
		9064ABEE2A826BE400F53F5F /* SplashViewController.swift */ = {isa = PBXFileReference; lastKnownFileType = sourcecode.swift; path = SplashViewController.swift; sourceTree = "<group>"; };
		9064ABF12A826C6600F53F5F /* AppCoordinator.swift */ = {isa = PBXFileReference; lastKnownFileType = sourcecode.swift; path = AppCoordinator.swift; sourceTree = "<group>"; };
		9064ABF32A826C7300F53F5F /* AppViewModel.swift */ = {isa = PBXFileReference; lastKnownFileType = sourcecode.swift; path = AppViewModel.swift; sourceTree = "<group>"; };
		9064ABF62A826CE100F53F5F /* ViewControllerUtils.swift */ = {isa = PBXFileReference; lastKnownFileType = sourcecode.swift; path = ViewControllerUtils.swift; sourceTree = "<group>"; };
		9064ABF82A826D0000F53F5F /* SplashCoordinator.swift */ = {isa = PBXFileReference; lastKnownFileType = sourcecode.swift; path = SplashCoordinator.swift; sourceTree = "<group>"; };
		9064ABFD2A826E0E00F53F5F /* AssemblerResolverDelegate.swift */ = {isa = PBXFileReference; lastKnownFileType = sourcecode.swift; path = AssemblerResolverDelegate.swift; sourceTree = "<group>"; };
		9064AC002A826E2700F53F5F /* AppCoordinatorAssembler.swift */ = {isa = PBXFileReference; lastKnownFileType = sourcecode.swift; path = AppCoordinatorAssembler.swift; sourceTree = "<group>"; };
		9064AC022A826E3C00F53F5F /* SplashCoordinatorAssembler.swift */ = {isa = PBXFileReference; lastKnownFileType = sourcecode.swift; path = SplashCoordinatorAssembler.swift; sourceTree = "<group>"; };
		9064AC052A82711000F53F5F /* AuthenticationManager.swift */ = {isa = PBXFileReference; lastKnownFileType = sourcecode.swift; path = AuthenticationManager.swift; sourceTree = "<group>"; };
		9064AC082A82713800F53F5F /* SavedArray.swift */ = {isa = PBXFileReference; lastKnownFileType = sourcecode.swift; path = SavedArray.swift; sourceTree = "<group>"; };
		9064AC0B2A8271C600F53F5F /* DatabaseKeys.swift */ = {isa = PBXFileReference; lastKnownFileType = sourcecode.swift; path = DatabaseKeys.swift; sourceTree = "<group>"; };
		9064AC0F2A82748D00F53F5F /* LoginViewModel.swift */ = {isa = PBXFileReference; lastKnownFileType = sourcecode.swift; path = LoginViewModel.swift; sourceTree = "<group>"; };
		9064AC112A8274B700F53F5F /* LoginViewController.swift */ = {isa = PBXFileReference; lastKnownFileType = sourcecode.swift; path = LoginViewController.swift; sourceTree = "<group>"; };
		9064AC132A8274D100F53F5F /* LoginCoordinator.swift */ = {isa = PBXFileReference; lastKnownFileType = sourcecode.swift; path = LoginCoordinator.swift; sourceTree = "<group>"; };
		9064AC152A82761D00F53F5F /* LoginCoordinatorAssembler.swift */ = {isa = PBXFileReference; lastKnownFileType = sourcecode.swift; path = LoginCoordinatorAssembler.swift; sourceTree = "<group>"; };
		9064AC192A82829400F53F5F /* CustomTextFieldData.swift */ = {isa = PBXFileReference; lastKnownFileType = sourcecode.swift; path = CustomTextFieldData.swift; sourceTree = "<group>"; };
		9064AC1B2A8282A000F53F5F /* CustomTextField.swift */ = {isa = PBXFileReference; lastKnownFileType = sourcecode.swift; path = CustomTextField.swift; sourceTree = "<group>"; };
		9064AC1E2A82844000F53F5F /* Colors.swift */ = {isa = PBXFileReference; lastKnownFileType = sourcecode.swift; path = Colors.swift; sourceTree = "<group>"; };
		9064AC212A828B2300F53F5F /* ImageHelper.swift */ = {isa = PBXFileReference; lastKnownFileType = sourcecode.swift; path = ImageHelper.swift; sourceTree = "<group>"; };
		9064AC2A2A82A58600F53F5F /* Roboto-Medium.ttf */ = {isa = PBXFileReference; lastKnownFileType = file; path = "Roboto-Medium.ttf"; sourceTree = "<group>"; };
		9064AC2B2A82A58600F53F5F /* Roboto-Bold.ttf */ = {isa = PBXFileReference; lastKnownFileType = file; path = "Roboto-Bold.ttf"; sourceTree = "<group>"; };
		9064AC302A82A58700F53F5F /* Roboto-Regular.ttf */ = {isa = PBXFileReference; lastKnownFileType = file; path = "Roboto-Regular.ttf"; sourceTree = "<group>"; };
		9064AC312A82A58700F53F5F /* Roboto-BoldItalic.ttf */ = {isa = PBXFileReference; lastKnownFileType = file; path = "Roboto-BoldItalic.ttf"; sourceTree = "<group>"; };
		9064AC422A82A62600F53F5F /* FontManager.swift */ = {isa = PBXFileReference; lastKnownFileType = sourcecode.swift; path = FontManager.swift; sourceTree = "<group>"; };
		9064AC482A82AACE00F53F5F /* en */ = {isa = PBXFileReference; lastKnownFileType = text.plist.strings; name = en; path = en.lproj/Localizable.strings; sourceTree = "<group>"; };
		9064AC4C2A82AB2700F53F5F /* Localizables.swift */ = {isa = PBXFileReference; lastKnownFileType = sourcecode.swift; path = Localizables.swift; sourceTree = "<group>"; };
		9064AC4F2A82C3EE00F53F5F /* ActionButton.swift */ = {isa = PBXFileReference; lastKnownFileType = sourcecode.swift; path = ActionButton.swift; sourceTree = "<group>"; };
		9064AC512A82C40000F53F5F /* ActionButtonData.swift */ = {isa = PBXFileReference; lastKnownFileType = sourcecode.swift; path = ActionButtonData.swift; sourceTree = "<group>"; };
		9064AC532A82C50C00F53F5F /* UIView+Extensions.swift */ = {isa = PBXFileReference; lastKnownFileType = sourcecode.swift; path = "UIView+Extensions.swift"; sourceTree = "<group>"; };
/* End PBXFileReference section */

/* Begin PBXFrameworksBuildPhase section */
		90577C582A825F3400B8CE6C /* Frameworks */ = {
			isa = PBXFrameworksBuildPhase;
			buildActionMask = 2147483647;
			files = (
				906B858C2A82643B00DFBB99 /* RxSwift in Frameworks */,
				9064AC272A828CED00F53F5F /* SnapKit in Frameworks */,
				906B85812A8263F600DFBB99 /* RealmSwift in Frameworks */,
				906B858F2A82645600DFBB99 /* NetworkLayer in Frameworks */,
				906B857F2A8263F600DFBB99 /* Realm in Frameworks */,
				906B858A2A82643B00DFBB99 /* RxCocoa in Frameworks */,
				906B85842A82640B00DFBB99 /* SwinjectAutoregistration in Frameworks */,
				906B85872A82642400DFBB99 /* Swinject in Frameworks */,
			);
			runOnlyForDeploymentPostprocessing = 0;
		};
		90577C6E2A825F3500B8CE6C /* Frameworks */ = {
			isa = PBXFrameworksBuildPhase;
			buildActionMask = 2147483647;
			files = (
			);
			runOnlyForDeploymentPostprocessing = 0;
		};
		90577C782A825F3500B8CE6C /* Frameworks */ = {
			isa = PBXFrameworksBuildPhase;
			buildActionMask = 2147483647;
			files = (
			);
			runOnlyForDeploymentPostprocessing = 0;
		};
/* End PBXFrameworksBuildPhase section */

/* Begin PBXGroup section */
		90577C522A825F3400B8CE6C = {
			isa = PBXGroup;
			children = (
				90577C5D2A825F3400B8CE6C /* simpra-code-case */,
				90577C742A825F3500B8CE6C /* simpra-code-caseTests */,
				90577C7E2A825F3500B8CE6C /* simpra-code-caseUITests */,
				90577C5C2A825F3400B8CE6C /* Products */,
			);
			sourceTree = "<group>";
		};
		90577C5C2A825F3400B8CE6C /* Products */ = {
			isa = PBXGroup;
			children = (
				90577C5B2A825F3400B8CE6C /* simpra-code-case.app */,
				90577C712A825F3500B8CE6C /* simpra-code-caseTests.xctest */,
				90577C7B2A825F3500B8CE6C /* simpra-code-caseUITests.xctest */,
			);
			name = Products;
			sourceTree = "<group>";
		};
		90577C5D2A825F3400B8CE6C /* simpra-code-case */ = {
			isa = PBXGroup;
			children = (
				9064ABCE2A8265F100F53F5F /* BaseModules */,
				9064AC172A82827200F53F5F /* Components */,
				9064AC072A82712900F53F5F /* Models */,
				9064ABE72A8268B000F53F5F /* Managers */,
				9064ABEA2A826B8300F53F5F /* Coordinators */,
				9064ABE32A82676500F53F5F /* Utilities */,
				9064AC282A82A56500F53F5F /* SupportingFiles */,
				90577C5E2A825F3400B8CE6C /* AppDelegate.swift */,
				90577C672A825F3500B8CE6C /* Assets.xcassets */,
				90577C692A825F3500B8CE6C /* LaunchScreen.storyboard */,
				90577C6C2A825F3500B8CE6C /* Info.plist */,
			);
			path = "simpra-code-case";
			sourceTree = "<group>";
		};
		90577C742A825F3500B8CE6C /* simpra-code-caseTests */ = {
			isa = PBXGroup;
			children = (
				90577C752A825F3500B8CE6C /* simpra_code_caseTests.swift */,
			);
			path = "simpra-code-caseTests";
			sourceTree = "<group>";
		};
		90577C7E2A825F3500B8CE6C /* simpra-code-caseUITests */ = {
			isa = PBXGroup;
			children = (
				90577C7F2A825F3500B8CE6C /* simpra_code_caseUITests.swift */,
				90577C812A825F3500B8CE6C /* simpra_code_caseUITestsLaunchTests.swift */,
			);
			path = "simpra-code-caseUITests";
			sourceTree = "<group>";
		};
		9064ABCE2A8265F100F53F5F /* BaseModules */ = {
			isa = PBXGroup;
			children = (
				9064ABDE2A8266FF00F53F5F /* Coordinator */,
				9064ABD82A8266A900F53F5F /* Views */,
				9064ABD92A8266AF00F53F5F /* Protocols */,
			);
			path = BaseModules;
			sourceTree = "<group>";
		};
		9064ABD82A8266A900F53F5F /* Views */ = {
			isa = PBXGroup;
			children = (
				9064ABD22A82661100F53F5F /* BaseView.swift */,
				9064ABD42A82662D00F53F5F /* BaseViewController.swift */,
				9064ABD62A82669200F53F5F /* GenericBaseView.swift */,
			);
			path = Views;
			sourceTree = "<group>";
		};
		9064ABD92A8266AF00F53F5F /* Protocols */ = {
			isa = PBXGroup;
			children = (
				9064ABDA2A8266BF00F53F5F /* BaseViewModelDelegate.swift */,
				9064ABDC2A8266DF00F53F5F /* GenericValueProtocol.swift */,
			);
			path = Protocols;
			sourceTree = "<group>";
		};
		9064ABDE2A8266FF00F53F5F /* Coordinator */ = {
			isa = PBXGroup;
			children = (
				9064ABDF2A82670700F53F5F /* BaseCoordinator.swift */,
				9064ABE12A82671E00F53F5F /* Coordinator.swift */,
			);
			path = Coordinator;
			sourceTree = "<group>";
		};
		9064ABE32A82676500F53F5F /* Utilities */ = {
			isa = PBXGroup;
			children = (
				9064AC0A2A8271BC00F53F5F /* AppConstants */,
				9064AC1D2A82842F00F53F5F /* ColorHelper */,
				9064AC202A828B1900F53F5F /* ImageHelper */,
				9064AC4A2A82AB0800F53F5F /* LocalizeHelper */,
				9064ABE42A82676B00F53F5F /* Extensions */,
				9064ABF52A826CCE00F53F5F /* ViewControllerUtils */,
			);
			path = Utilities;
			sourceTree = "<group>";
		};
		9064ABE42A82676B00F53F5F /* Extensions */ = {
			isa = PBXGroup;
			children = (
				9064ABE52A82677700F53F5F /* Assembler+Extensions.swift */,
				9064AC532A82C50C00F53F5F /* UIView+Extensions.swift */,
			);
			path = Extensions;
			sourceTree = "<group>";
		};
		9064ABE72A8268B000F53F5F /* Managers */ = {
			isa = PBXGroup;
			children = (
				9064AC042A82710600F53F5F /* AuthenticationManager */,
				9064ABFA2A826DEC00F53F5F /* DatabaseManager */,
				9064ABFB2A826DF200F53F5F /* DependencyManager */,
			);
			path = Managers;
			sourceTree = "<group>";
		};
		9064ABEA2A826B8300F53F5F /* Coordinators */ = {
			isa = PBXGroup;
			children = (
				9064ABF02A826C5300F53F5F /* AppCoordinator */,
				9064AC0D2A82747500F53F5F /* LoginCoordinator */,
				9064ABEB2A826B9E00F53F5F /* SplashCoordinator */,
			);
			path = Coordinators;
			sourceTree = "<group>";
		};
		9064ABEB2A826B9E00F53F5F /* SplashCoordinator */ = {
			isa = PBXGroup;
			children = (
				9064ABF82A826D0000F53F5F /* SplashCoordinator.swift */,
				9064ABEE2A826BE400F53F5F /* SplashViewController.swift */,
				9064ABEC2A826BB400F53F5F /* SplashViewModel.swift */,
			);
			path = SplashCoordinator;
			sourceTree = "<group>";
		};
		9064ABF02A826C5300F53F5F /* AppCoordinator */ = {
			isa = PBXGroup;
			children = (
				9064ABF12A826C6600F53F5F /* AppCoordinator.swift */,
				9064ABF32A826C7300F53F5F /* AppViewModel.swift */,
			);
			path = AppCoordinator;
			sourceTree = "<group>";
		};
		9064ABF52A826CCE00F53F5F /* ViewControllerUtils */ = {
			isa = PBXGroup;
			children = (
				9064ABF62A826CE100F53F5F /* ViewControllerUtils.swift */,
			);
			path = ViewControllerUtils;
			sourceTree = "<group>";
		};
		9064ABFA2A826DEC00F53F5F /* DatabaseManager */ = {
			isa = PBXGroup;
			children = (
				9064ABE82A8268C600F53F5F /* DatabaseManager.swift */,
			);
			path = DatabaseManager;
			sourceTree = "<group>";
		};
		9064ABFB2A826DF200F53F5F /* DependencyManager */ = {
			isa = PBXGroup;
			children = (
				9064ABFC2A826E0700F53F5F /* Protocols */,
				9064ABFF2A826E1800F53F5F /* Assemblers */,
			);
			path = DependencyManager;
			sourceTree = "<group>";
		};
		9064ABFC2A826E0700F53F5F /* Protocols */ = {
			isa = PBXGroup;
			children = (
				9064ABFD2A826E0E00F53F5F /* AssemblerResolverDelegate.swift */,
			);
			path = Protocols;
			sourceTree = "<group>";
		};
		9064ABFF2A826E1800F53F5F /* Assemblers */ = {
			isa = PBXGroup;
			children = (
				9064AC002A826E2700F53F5F /* AppCoordinatorAssembler.swift */,
				9064AC022A826E3C00F53F5F /* SplashCoordinatorAssembler.swift */,
				9064AC152A82761D00F53F5F /* LoginCoordinatorAssembler.swift */,
			);
			path = Assemblers;
			sourceTree = "<group>";
		};
		9064AC042A82710600F53F5F /* AuthenticationManager */ = {
			isa = PBXGroup;
			children = (
				9064AC052A82711000F53F5F /* AuthenticationManager.swift */,
			);
			path = AuthenticationManager;
			sourceTree = "<group>";
		};
		9064AC072A82712900F53F5F /* Models */ = {
			isa = PBXGroup;
			children = (
				9064AC082A82713800F53F5F /* SavedArray.swift */,
			);
			path = Models;
			sourceTree = "<group>";
		};
		9064AC0A2A8271BC00F53F5F /* AppConstants */ = {
			isa = PBXGroup;
			children = (
				9064AC0B2A8271C600F53F5F /* DatabaseKeys.swift */,
			);
			path = AppConstants;
			sourceTree = "<group>";
		};
		9064AC0D2A82747500F53F5F /* LoginCoordinator */ = {
			isa = PBXGroup;
			children = (
				9064AC132A8274D100F53F5F /* LoginCoordinator.swift */,
				9064AC112A8274B700F53F5F /* LoginViewController.swift */,
				9064AC0F2A82748D00F53F5F /* LoginViewModel.swift */,
			);
			path = LoginCoordinator;
			sourceTree = "<group>";
		};
		9064AC172A82827200F53F5F /* Components */ = {
			isa = PBXGroup;
			children = (
				9064AC4E2A82C3E600F53F5F /* ActionButton */,
				9064AC182A82827800F53F5F /* CustomTextField */,
			);
			path = Components;
			sourceTree = "<group>";
		};
		9064AC182A82827800F53F5F /* CustomTextField */ = {
			isa = PBXGroup;
			children = (
				9064AC1B2A8282A000F53F5F /* CustomTextField.swift */,
				9064AC192A82829400F53F5F /* CustomTextFieldData.swift */,
			);
			path = CustomTextField;
			sourceTree = "<group>";
		};
		9064AC1D2A82842F00F53F5F /* ColorHelper */ = {
			isa = PBXGroup;
			children = (
				9064AC1E2A82844000F53F5F /* Colors.swift */,
			);
			path = ColorHelper;
			sourceTree = "<group>";
		};
		9064AC202A828B1900F53F5F /* ImageHelper */ = {
			isa = PBXGroup;
			children = (
				9064AC212A828B2300F53F5F /* ImageHelper.swift */,
			);
			path = ImageHelper;
			sourceTree = "<group>";
		};
		9064AC282A82A56500F53F5F /* SupportingFiles */ = {
			isa = PBXGroup;
			children = (
				9064AC442A82AABA00F53F5F /* Resources */,
				9064AC292A82A57000F53F5F /* Fonts */,
			);
			path = SupportingFiles;
			sourceTree = "<group>";
		};
		9064AC292A82A57000F53F5F /* Fonts */ = {
			isa = PBXGroup;
			children = (
				9064AC2B2A82A58600F53F5F /* Roboto-Bold.ttf */,
				9064AC312A82A58700F53F5F /* Roboto-BoldItalic.ttf */,
				9064AC2A2A82A58600F53F5F /* Roboto-Medium.ttf */,
				9064AC302A82A58700F53F5F /* Roboto-Regular.ttf */,
				9064AC422A82A62600F53F5F /* FontManager.swift */,
			);
			path = Fonts;
			sourceTree = "<group>";
		};
		9064AC442A82AABA00F53F5F /* Resources */ = {
			isa = PBXGroup;
			children = (
				9064AC492A82AACE00F53F5F /* Localizable.strings */,
			);
			path = Resources;
			sourceTree = "<group>";
		};
		9064AC4A2A82AB0800F53F5F /* LocalizeHelper */ = {
			isa = PBXGroup;
			children = (
				9064AC4C2A82AB2700F53F5F /* Localizables.swift */,
			);
			path = LocalizeHelper;
			sourceTree = "<group>";
		};
		9064AC4E2A82C3E600F53F5F /* ActionButton */ = {
			isa = PBXGroup;
			children = (
				9064AC4F2A82C3EE00F53F5F /* ActionButton.swift */,
				9064AC512A82C40000F53F5F /* ActionButtonData.swift */,
			);
			path = ActionButton;
			sourceTree = "<group>";
		};
/* End PBXGroup section */

/* Begin PBXNativeTarget section */
		90577C5A2A825F3400B8CE6C /* simpra-code-case */ = {
			isa = PBXNativeTarget;
			buildConfigurationList = 90577C852A825F3500B8CE6C /* Build configuration list for PBXNativeTarget "simpra-code-case" */;
			buildPhases = (
				90577C572A825F3400B8CE6C /* Sources */,
				90577C582A825F3400B8CE6C /* Frameworks */,
				90577C592A825F3400B8CE6C /* Resources */,
			);
			buildRules = (
			);
			dependencies = (
			);
			name = "simpra-code-case";
			packageProductDependencies = (
				906B857E2A8263F600DFBB99 /* Realm */,
				906B85802A8263F600DFBB99 /* RealmSwift */,
				906B85832A82640B00DFBB99 /* SwinjectAutoregistration */,
				906B85862A82642400DFBB99 /* Swinject */,
				906B85892A82643B00DFBB99 /* RxCocoa */,
				906B858B2A82643B00DFBB99 /* RxSwift */,
				906B858E2A82645600DFBB99 /* NetworkLayer */,
				9064AC262A828CED00F53F5F /* SnapKit */,
			);
			productName = "simpra-code-case";
			productReference = 90577C5B2A825F3400B8CE6C /* simpra-code-case.app */;
			productType = "com.apple.product-type.application";
		};
		90577C702A825F3500B8CE6C /* simpra-code-caseTests */ = {
			isa = PBXNativeTarget;
			buildConfigurationList = 90577C882A825F3500B8CE6C /* Build configuration list for PBXNativeTarget "simpra-code-caseTests" */;
			buildPhases = (
				90577C6D2A825F3500B8CE6C /* Sources */,
				90577C6E2A825F3500B8CE6C /* Frameworks */,
				90577C6F2A825F3500B8CE6C /* Resources */,
			);
			buildRules = (
			);
			dependencies = (
				90577C732A825F3500B8CE6C /* PBXTargetDependency */,
			);
			name = "simpra-code-caseTests";
			productName = "simpra-code-caseTests";
			productReference = 90577C712A825F3500B8CE6C /* simpra-code-caseTests.xctest */;
			productType = "com.apple.product-type.bundle.unit-test";
		};
		90577C7A2A825F3500B8CE6C /* simpra-code-caseUITests */ = {
			isa = PBXNativeTarget;
			buildConfigurationList = 90577C8B2A825F3500B8CE6C /* Build configuration list for PBXNativeTarget "simpra-code-caseUITests" */;
			buildPhases = (
				90577C772A825F3500B8CE6C /* Sources */,
				90577C782A825F3500B8CE6C /* Frameworks */,
				90577C792A825F3500B8CE6C /* Resources */,
			);
			buildRules = (
			);
			dependencies = (
				90577C7D2A825F3500B8CE6C /* PBXTargetDependency */,
			);
			name = "simpra-code-caseUITests";
			productName = "simpra-code-caseUITests";
			productReference = 90577C7B2A825F3500B8CE6C /* simpra-code-caseUITests.xctest */;
			productType = "com.apple.product-type.bundle.ui-testing";
		};
/* End PBXNativeTarget section */

/* Begin PBXProject section */
		90577C532A825F3400B8CE6C /* Project object */ = {
			isa = PBXProject;
			attributes = {
				BuildIndependentTargetsInParallel = 1;
				LastSwiftUpdateCheck = 1340;
				LastUpgradeCheck = 1340;
				TargetAttributes = {
					90577C5A2A825F3400B8CE6C = {
						CreatedOnToolsVersion = 13.4;
					};
					90577C702A825F3500B8CE6C = {
						CreatedOnToolsVersion = 13.4;
						TestTargetID = 90577C5A2A825F3400B8CE6C;
					};
					90577C7A2A825F3500B8CE6C = {
						CreatedOnToolsVersion = 13.4;
						TestTargetID = 90577C5A2A825F3400B8CE6C;
					};
				};
			};
			buildConfigurationList = 90577C562A825F3400B8CE6C /* Build configuration list for PBXProject "simpra-code-case" */;
			compatibilityVersion = "Xcode 13.0";
			developmentRegion = en;
			hasScannedForEncodings = 0;
			knownRegions = (
				en,
				Base,
			);
			mainGroup = 90577C522A825F3400B8CE6C;
			packageReferences = (
				906B857D2A8263F600DFBB99 /* XCRemoteSwiftPackageReference "realm-swift" */,
				906B85822A82640B00DFBB99 /* XCRemoteSwiftPackageReference "SwinjectAutoregistration" */,
				906B85852A82642400DFBB99 /* XCRemoteSwiftPackageReference "Swinject" */,
				906B85882A82643B00DFBB99 /* XCRemoteSwiftPackageReference "RxSwift" */,
				906B858D2A82645600DFBB99 /* XCRemoteSwiftPackageReference "NetworkLayer" */,
				9064AC252A828CED00F53F5F /* XCRemoteSwiftPackageReference "SnapKit" */,
			);
			productRefGroup = 90577C5C2A825F3400B8CE6C /* Products */;
			projectDirPath = "";
			projectRoot = "";
			targets = (
				90577C5A2A825F3400B8CE6C /* simpra-code-case */,
				90577C702A825F3500B8CE6C /* simpra-code-caseTests */,
				90577C7A2A825F3500B8CE6C /* simpra-code-caseUITests */,
			);
		};
/* End PBXProject section */

/* Begin PBXResourcesBuildPhase section */
		90577C592A825F3400B8CE6C /* Resources */ = {
			isa = PBXResourcesBuildPhase;
			buildActionMask = 2147483647;
			files = (
				90577C6B2A825F3500B8CE6C /* LaunchScreen.storyboard in Resources */,
				90577C682A825F3500B8CE6C /* Assets.xcassets in Resources */,
				9064AC3C2A82A58700F53F5F /* Roboto-Regular.ttf in Resources */,
				9064AC472A82AACE00F53F5F /* Localizable.strings in Resources */,
				9064AC372A82A58700F53F5F /* Roboto-Bold.ttf in Resources */,
				9064AC3D2A82A58700F53F5F /* Roboto-BoldItalic.ttf in Resources */,
				9064AC362A82A58700F53F5F /* Roboto-Medium.ttf in Resources */,
			);
			runOnlyForDeploymentPostprocessing = 0;
		};
		90577C6F2A825F3500B8CE6C /* Resources */ = {
			isa = PBXResourcesBuildPhase;
			buildActionMask = 2147483647;
			files = (
			);
			runOnlyForDeploymentPostprocessing = 0;
		};
		90577C792A825F3500B8CE6C /* Resources */ = {
			isa = PBXResourcesBuildPhase;
			buildActionMask = 2147483647;
			files = (
			);
			runOnlyForDeploymentPostprocessing = 0;
		};
/* End PBXResourcesBuildPhase section */

/* Begin PBXSourcesBuildPhase section */
		90577C572A825F3400B8CE6C /* Sources */ = {
			isa = PBXSourcesBuildPhase;
			buildActionMask = 2147483647;
			files = (
				9064AC1C2A8282A000F53F5F /* CustomTextField.swift in Sources */,
				9064AC522A82C40000F53F5F /* ActionButtonData.swift in Sources */,
				9064AC102A82748D00F53F5F /* LoginViewModel.swift in Sources */,
				9064AC4D2A82AB2700F53F5F /* Localizables.swift in Sources */,
				9064ABE22A82671E00F53F5F /* Coordinator.swift in Sources */,
				9064ABF92A826D0000F53F5F /* SplashCoordinator.swift in Sources */,
				90577C5F2A825F3400B8CE6C /* AppDelegate.swift in Sources */,
				9064AC542A82C50C00F53F5F /* UIView+Extensions.swift in Sources */,
				9064ABF42A826C7300F53F5F /* AppViewModel.swift in Sources */,
				9064AC092A82713800F53F5F /* SavedArray.swift in Sources */,
				9064ABF22A826C6600F53F5F /* AppCoordinator.swift in Sources */,
				9064AC012A826E2700F53F5F /* AppCoordinatorAssembler.swift in Sources */,
				9064ABE92A8268C600F53F5F /* DatabaseManager.swift in Sources */,
				9064ABEF2A826BE400F53F5F /* SplashViewController.swift in Sources */,
				9064AC222A828B2300F53F5F /* ImageHelper.swift in Sources */,
				9064AC162A82761D00F53F5F /* LoginCoordinatorAssembler.swift in Sources */,
				9064AC502A82C3EE00F53F5F /* ActionButton.swift in Sources */,
				9064ABD32A82661100F53F5F /* BaseView.swift in Sources */,
				9064ABED2A826BB400F53F5F /* SplashViewModel.swift in Sources */,
				9064AC122A8274B700F53F5F /* LoginViewController.swift in Sources */,
				9064ABE62A82677700F53F5F /* Assembler+Extensions.swift in Sources */,
				9064ABD52A82662D00F53F5F /* BaseViewController.swift in Sources */,
				9064ABD72A82669200F53F5F /* GenericBaseView.swift in Sources */,
				9064AC062A82711000F53F5F /* AuthenticationManager.swift in Sources */,
				9064AC142A8274D100F53F5F /* LoginCoordinator.swift in Sources */,
				9064AC1F2A82844000F53F5F /* Colors.swift in Sources */,
				9064AC432A82A62600F53F5F /* FontManager.swift in Sources */,
				9064AC032A826E3C00F53F5F /* SplashCoordinatorAssembler.swift in Sources */,
				9064AC0C2A8271C600F53F5F /* DatabaseKeys.swift in Sources */,
				9064ABE02A82670700F53F5F /* BaseCoordinator.swift in Sources */,
				9064AC1A2A82829400F53F5F /* CustomTextFieldData.swift in Sources */,
				9064ABDB2A8266BF00F53F5F /* BaseViewModelDelegate.swift in Sources */,
				9064ABDD2A8266DF00F53F5F /* GenericValueProtocol.swift in Sources */,
				9064ABF72A826CE100F53F5F /* ViewControllerUtils.swift in Sources */,
				9064ABFE2A826E0E00F53F5F /* AssemblerResolverDelegate.swift in Sources */,
			);
			runOnlyForDeploymentPostprocessing = 0;
		};
		90577C6D2A825F3500B8CE6C /* Sources */ = {
			isa = PBXSourcesBuildPhase;
			buildActionMask = 2147483647;
			files = (
				90577C762A825F3500B8CE6C /* simpra_code_caseTests.swift in Sources */,
			);
			runOnlyForDeploymentPostprocessing = 0;
		};
		90577C772A825F3500B8CE6C /* Sources */ = {
			isa = PBXSourcesBuildPhase;
			buildActionMask = 2147483647;
			files = (
				90577C802A825F3500B8CE6C /* simpra_code_caseUITests.swift in Sources */,
				90577C822A825F3500B8CE6C /* simpra_code_caseUITestsLaunchTests.swift in Sources */,
			);
			runOnlyForDeploymentPostprocessing = 0;
		};
/* End PBXSourcesBuildPhase section */

/* Begin PBXTargetDependency section */
		90577C732A825F3500B8CE6C /* PBXTargetDependency */ = {
			isa = PBXTargetDependency;
			target = 90577C5A2A825F3400B8CE6C /* simpra-code-case */;
			targetProxy = 90577C722A825F3500B8CE6C /* PBXContainerItemProxy */;
		};
		90577C7D2A825F3500B8CE6C /* PBXTargetDependency */ = {
			isa = PBXTargetDependency;
			target = 90577C5A2A825F3400B8CE6C /* simpra-code-case */;
			targetProxy = 90577C7C2A825F3500B8CE6C /* PBXContainerItemProxy */;
		};
/* End PBXTargetDependency section */

/* Begin PBXVariantGroup section */
		90577C692A825F3500B8CE6C /* LaunchScreen.storyboard */ = {
			isa = PBXVariantGroup;
			children = (
				90577C6A2A825F3500B8CE6C /* Base */,
			);
			name = LaunchScreen.storyboard;
			sourceTree = "<group>";
		};
		9064AC492A82AACE00F53F5F /* Localizable.strings */ = {
			isa = PBXVariantGroup;
			children = (
				9064AC482A82AACE00F53F5F /* en */,
			);
			name = Localizable.strings;
			sourceTree = "<group>";
		};
/* End PBXVariantGroup section */

/* Begin XCBuildConfiguration section */
		90577C832A825F3500B8CE6C /* Debug */ = {
			isa = XCBuildConfiguration;
			buildSettings = {
				ALWAYS_SEARCH_USER_PATHS = NO;
				CLANG_ANALYZER_NONNULL = YES;
				CLANG_ANALYZER_NUMBER_OBJECT_CONVERSION = YES_AGGRESSIVE;
				CLANG_CXX_LANGUAGE_STANDARD = "gnu++17";
				CLANG_ENABLE_MODULES = YES;
				CLANG_ENABLE_OBJC_ARC = YES;
				CLANG_ENABLE_OBJC_WEAK = YES;
				CLANG_WARN_BLOCK_CAPTURE_AUTORELEASING = YES;
				CLANG_WARN_BOOL_CONVERSION = YES;
				CLANG_WARN_COMMA = YES;
				CLANG_WARN_CONSTANT_CONVERSION = YES;
				CLANG_WARN_DEPRECATED_OBJC_IMPLEMENTATIONS = YES;
				CLANG_WARN_DIRECT_OBJC_ISA_USAGE = YES_ERROR;
				CLANG_WARN_DOCUMENTATION_COMMENTS = YES;
				CLANG_WARN_EMPTY_BODY = YES;
				CLANG_WARN_ENUM_CONVERSION = YES;
				CLANG_WARN_INFINITE_RECURSION = YES;
				CLANG_WARN_INT_CONVERSION = YES;
				CLANG_WARN_NON_LITERAL_NULL_CONVERSION = YES;
				CLANG_WARN_OBJC_IMPLICIT_RETAIN_SELF = YES;
				CLANG_WARN_OBJC_LITERAL_CONVERSION = YES;
				CLANG_WARN_OBJC_ROOT_CLASS = YES_ERROR;
				CLANG_WARN_QUOTED_INCLUDE_IN_FRAMEWORK_HEADER = YES;
				CLANG_WARN_RANGE_LOOP_ANALYSIS = YES;
				CLANG_WARN_STRICT_PROTOTYPES = YES;
				CLANG_WARN_SUSPICIOUS_MOVE = YES;
				CLANG_WARN_UNGUARDED_AVAILABILITY = YES_AGGRESSIVE;
				CLANG_WARN_UNREACHABLE_CODE = YES;
				CLANG_WARN__DUPLICATE_METHOD_MATCH = YES;
				COPY_PHASE_STRIP = NO;
				DEBUG_INFORMATION_FORMAT = dwarf;
				ENABLE_STRICT_OBJC_MSGSEND = YES;
				ENABLE_TESTABILITY = YES;
				GCC_C_LANGUAGE_STANDARD = gnu11;
				GCC_DYNAMIC_NO_PIC = NO;
				GCC_NO_COMMON_BLOCKS = YES;
				GCC_OPTIMIZATION_LEVEL = 0;
				GCC_PREPROCESSOR_DEFINITIONS = (
					"DEBUG=1",
					"$(inherited)",
				);
				GCC_WARN_64_TO_32_BIT_CONVERSION = YES;
				GCC_WARN_ABOUT_RETURN_TYPE = YES_ERROR;
				GCC_WARN_UNDECLARED_SELECTOR = YES;
				GCC_WARN_UNINITIALIZED_AUTOS = YES_AGGRESSIVE;
				GCC_WARN_UNUSED_FUNCTION = YES;
				GCC_WARN_UNUSED_VARIABLE = YES;
				IPHONEOS_DEPLOYMENT_TARGET = 15.5;
				MTL_ENABLE_DEBUG_INFO = INCLUDE_SOURCE;
				MTL_FAST_MATH = YES;
				ONLY_ACTIVE_ARCH = YES;
				SDKROOT = iphoneos;
				SWIFT_ACTIVE_COMPILATION_CONDITIONS = DEBUG;
				SWIFT_OPTIMIZATION_LEVEL = "-Onone";
			};
			name = Debug;
		};
		90577C842A825F3500B8CE6C /* Release */ = {
			isa = XCBuildConfiguration;
			buildSettings = {
				ALWAYS_SEARCH_USER_PATHS = NO;
				CLANG_ANALYZER_NONNULL = YES;
				CLANG_ANALYZER_NUMBER_OBJECT_CONVERSION = YES_AGGRESSIVE;
				CLANG_CXX_LANGUAGE_STANDARD = "gnu++17";
				CLANG_ENABLE_MODULES = YES;
				CLANG_ENABLE_OBJC_ARC = YES;
				CLANG_ENABLE_OBJC_WEAK = YES;
				CLANG_WARN_BLOCK_CAPTURE_AUTORELEASING = YES;
				CLANG_WARN_BOOL_CONVERSION = YES;
				CLANG_WARN_COMMA = YES;
				CLANG_WARN_CONSTANT_CONVERSION = YES;
				CLANG_WARN_DEPRECATED_OBJC_IMPLEMENTATIONS = YES;
				CLANG_WARN_DIRECT_OBJC_ISA_USAGE = YES_ERROR;
				CLANG_WARN_DOCUMENTATION_COMMENTS = YES;
				CLANG_WARN_EMPTY_BODY = YES;
				CLANG_WARN_ENUM_CONVERSION = YES;
				CLANG_WARN_INFINITE_RECURSION = YES;
				CLANG_WARN_INT_CONVERSION = YES;
				CLANG_WARN_NON_LITERAL_NULL_CONVERSION = YES;
				CLANG_WARN_OBJC_IMPLICIT_RETAIN_SELF = YES;
				CLANG_WARN_OBJC_LITERAL_CONVERSION = YES;
				CLANG_WARN_OBJC_ROOT_CLASS = YES_ERROR;
				CLANG_WARN_QUOTED_INCLUDE_IN_FRAMEWORK_HEADER = YES;
				CLANG_WARN_RANGE_LOOP_ANALYSIS = YES;
				CLANG_WARN_STRICT_PROTOTYPES = YES;
				CLANG_WARN_SUSPICIOUS_MOVE = YES;
				CLANG_WARN_UNGUARDED_AVAILABILITY = YES_AGGRESSIVE;
				CLANG_WARN_UNREACHABLE_CODE = YES;
				CLANG_WARN__DUPLICATE_METHOD_MATCH = YES;
				COPY_PHASE_STRIP = NO;
				DEBUG_INFORMATION_FORMAT = "dwarf-with-dsym";
				ENABLE_NS_ASSERTIONS = NO;
				ENABLE_STRICT_OBJC_MSGSEND = YES;
				GCC_C_LANGUAGE_STANDARD = gnu11;
				GCC_NO_COMMON_BLOCKS = YES;
				GCC_WARN_64_TO_32_BIT_CONVERSION = YES;
				GCC_WARN_ABOUT_RETURN_TYPE = YES_ERROR;
				GCC_WARN_UNDECLARED_SELECTOR = YES;
				GCC_WARN_UNINITIALIZED_AUTOS = YES_AGGRESSIVE;
				GCC_WARN_UNUSED_FUNCTION = YES;
				GCC_WARN_UNUSED_VARIABLE = YES;
				IPHONEOS_DEPLOYMENT_TARGET = 15.5;
				MTL_ENABLE_DEBUG_INFO = NO;
				MTL_FAST_MATH = YES;
				SDKROOT = iphoneos;
				SWIFT_COMPILATION_MODE = wholemodule;
				SWIFT_OPTIMIZATION_LEVEL = "-O";
				VALIDATE_PRODUCT = YES;
			};
			name = Release;
		};
		90577C862A825F3500B8CE6C /* Debug */ = {
			isa = XCBuildConfiguration;
			buildSettings = {
				ASSETCATALOG_COMPILER_APPICON_NAME = AppIcon;
				ASSETCATALOG_COMPILER_GLOBAL_ACCENT_COLOR_NAME = AccentColor;
				CODE_SIGN_STYLE = Automatic;
				CURRENT_PROJECT_VERSION = 1;
				DEVELOPMENT_TEAM = K837NJXMYB;
				GENERATE_INFOPLIST_FILE = YES;
				INFOPLIST_FILE = "simpra-code-case/Info.plist";
				INFOPLIST_KEY_UIApplicationSupportsIndirectInputEvents = YES;
				INFOPLIST_KEY_UILaunchStoryboardName = LaunchScreen;
				INFOPLIST_KEY_UISupportedInterfaceOrientations_iPad = "UIInterfaceOrientationPortrait UIInterfaceOrientationPortraitUpsideDown UIInterfaceOrientationLandscapeLeft UIInterfaceOrientationLandscapeRight";
				INFOPLIST_KEY_UISupportedInterfaceOrientations_iPhone = "UIInterfaceOrientationPortrait UIInterfaceOrientationLandscapeLeft UIInterfaceOrientationLandscapeRight";
				LD_RUNPATH_SEARCH_PATHS = (
					"$(inherited)",
					"@executable_path/Frameworks",
				);
				MARKETING_VERSION = 1.0;
				PRODUCT_BUNDLE_IDENTIFIER = "emircanaydin.app.simpra-code-case";
				PRODUCT_NAME = "$(TARGET_NAME)";
				SWIFT_EMIT_LOC_STRINGS = YES;
				SWIFT_VERSION = 5.0;
				TARGETED_DEVICE_FAMILY = 1;
			};
			name = Debug;
		};
		90577C872A825F3500B8CE6C /* Release */ = {
			isa = XCBuildConfiguration;
			buildSettings = {
				ASSETCATALOG_COMPILER_APPICON_NAME = AppIcon;
				ASSETCATALOG_COMPILER_GLOBAL_ACCENT_COLOR_NAME = AccentColor;
				CODE_SIGN_STYLE = Automatic;
				CURRENT_PROJECT_VERSION = 1;
				DEVELOPMENT_TEAM = K837NJXMYB;
				GENERATE_INFOPLIST_FILE = YES;
				INFOPLIST_FILE = "simpra-code-case/Info.plist";
				INFOPLIST_KEY_UIApplicationSupportsIndirectInputEvents = YES;
				INFOPLIST_KEY_UILaunchStoryboardName = LaunchScreen;
				INFOPLIST_KEY_UISupportedInterfaceOrientations_iPad = "UIInterfaceOrientationPortrait UIInterfaceOrientationPortraitUpsideDown UIInterfaceOrientationLandscapeLeft UIInterfaceOrientationLandscapeRight";
				INFOPLIST_KEY_UISupportedInterfaceOrientations_iPhone = "UIInterfaceOrientationPortrait UIInterfaceOrientationLandscapeLeft UIInterfaceOrientationLandscapeRight";
				LD_RUNPATH_SEARCH_PATHS = (
					"$(inherited)",
					"@executable_path/Frameworks",
				);
				MARKETING_VERSION = 1.0;
				PRODUCT_BUNDLE_IDENTIFIER = "emircanaydin.app.simpra-code-case";
				PRODUCT_NAME = "$(TARGET_NAME)";
				SWIFT_EMIT_LOC_STRINGS = YES;
				SWIFT_VERSION = 5.0;
				TARGETED_DEVICE_FAMILY = 1;
			};
			name = Release;
		};
		90577C892A825F3500B8CE6C /* Debug */ = {
			isa = XCBuildConfiguration;
			buildSettings = {
				ALWAYS_EMBED_SWIFT_STANDARD_LIBRARIES = YES;
				BUNDLE_LOADER = "$(TEST_HOST)";
				CODE_SIGN_STYLE = Automatic;
				CURRENT_PROJECT_VERSION = 1;
				DEVELOPMENT_TEAM = K837NJXMYB;
				GENERATE_INFOPLIST_FILE = YES;
				IPHONEOS_DEPLOYMENT_TARGET = 15.5;
				MARKETING_VERSION = 1.0;
				PRODUCT_BUNDLE_IDENTIFIER = "emircanaydin.app.simpra-code-caseTests";
				PRODUCT_NAME = "$(TARGET_NAME)";
				SWIFT_EMIT_LOC_STRINGS = NO;
				SWIFT_VERSION = 5.0;
				TARGETED_DEVICE_FAMILY = "1,2";
				TEST_HOST = "$(BUILT_PRODUCTS_DIR)/simpra-code-case.app/simpra-code-case";
			};
			name = Debug;
		};
		90577C8A2A825F3500B8CE6C /* Release */ = {
			isa = XCBuildConfiguration;
			buildSettings = {
				ALWAYS_EMBED_SWIFT_STANDARD_LIBRARIES = YES;
				BUNDLE_LOADER = "$(TEST_HOST)";
				CODE_SIGN_STYLE = Automatic;
				CURRENT_PROJECT_VERSION = 1;
				DEVELOPMENT_TEAM = K837NJXMYB;
				GENERATE_INFOPLIST_FILE = YES;
				IPHONEOS_DEPLOYMENT_TARGET = 15.5;
				MARKETING_VERSION = 1.0;
				PRODUCT_BUNDLE_IDENTIFIER = "emircanaydin.app.simpra-code-caseTests";
				PRODUCT_NAME = "$(TARGET_NAME)";
				SWIFT_EMIT_LOC_STRINGS = NO;
				SWIFT_VERSION = 5.0;
				TARGETED_DEVICE_FAMILY = "1,2";
				TEST_HOST = "$(BUILT_PRODUCTS_DIR)/simpra-code-case.app/simpra-code-case";
			};
			name = Release;
		};
		90577C8C2A825F3500B8CE6C /* Debug */ = {
			isa = XCBuildConfiguration;
			buildSettings = {
				ALWAYS_EMBED_SWIFT_STANDARD_LIBRARIES = YES;
				CODE_SIGN_STYLE = Automatic;
				CURRENT_PROJECT_VERSION = 1;
				DEVELOPMENT_TEAM = K837NJXMYB;
				GENERATE_INFOPLIST_FILE = YES;
				MARKETING_VERSION = 1.0;
				PRODUCT_BUNDLE_IDENTIFIER = "emircanaydin.app.simpra-code-caseUITests";
				PRODUCT_NAME = "$(TARGET_NAME)";
				SWIFT_EMIT_LOC_STRINGS = NO;
				SWIFT_VERSION = 5.0;
				TARGETED_DEVICE_FAMILY = "1,2";
				TEST_TARGET_NAME = "simpra-code-case";
			};
			name = Debug;
		};
		90577C8D2A825F3500B8CE6C /* Release */ = {
			isa = XCBuildConfiguration;
			buildSettings = {
				ALWAYS_EMBED_SWIFT_STANDARD_LIBRARIES = YES;
				CODE_SIGN_STYLE = Automatic;
				CURRENT_PROJECT_VERSION = 1;
				DEVELOPMENT_TEAM = K837NJXMYB;
				GENERATE_INFOPLIST_FILE = YES;
				MARKETING_VERSION = 1.0;
				PRODUCT_BUNDLE_IDENTIFIER = "emircanaydin.app.simpra-code-caseUITests";
				PRODUCT_NAME = "$(TARGET_NAME)";
				SWIFT_EMIT_LOC_STRINGS = NO;
				SWIFT_VERSION = 5.0;
				TARGETED_DEVICE_FAMILY = "1,2";
				TEST_TARGET_NAME = "simpra-code-case";
			};
			name = Release;
		};
/* End XCBuildConfiguration section */

/* Begin XCConfigurationList section */
		90577C562A825F3400B8CE6C /* Build configuration list for PBXProject "simpra-code-case" */ = {
			isa = XCConfigurationList;
			buildConfigurations = (
				90577C832A825F3500B8CE6C /* Debug */,
				90577C842A825F3500B8CE6C /* Release */,
			);
			defaultConfigurationIsVisible = 0;
			defaultConfigurationName = Release;
		};
		90577C852A825F3500B8CE6C /* Build configuration list for PBXNativeTarget "simpra-code-case" */ = {
			isa = XCConfigurationList;
			buildConfigurations = (
				90577C862A825F3500B8CE6C /* Debug */,
				90577C872A825F3500B8CE6C /* Release */,
			);
			defaultConfigurationIsVisible = 0;
			defaultConfigurationName = Release;
		};
		90577C882A825F3500B8CE6C /* Build configuration list for PBXNativeTarget "simpra-code-caseTests" */ = {
			isa = XCConfigurationList;
			buildConfigurations = (
				90577C892A825F3500B8CE6C /* Debug */,
				90577C8A2A825F3500B8CE6C /* Release */,
			);
			defaultConfigurationIsVisible = 0;
			defaultConfigurationName = Release;
		};
		90577C8B2A825F3500B8CE6C /* Build configuration list for PBXNativeTarget "simpra-code-caseUITests" */ = {
			isa = XCConfigurationList;
			buildConfigurations = (
				90577C8C2A825F3500B8CE6C /* Debug */,
				90577C8D2A825F3500B8CE6C /* Release */,
			);
			defaultConfigurationIsVisible = 0;
			defaultConfigurationName = Release;
		};
/* End XCConfigurationList section */

/* Begin XCRemoteSwiftPackageReference section */
		9064AC252A828CED00F53F5F /* XCRemoteSwiftPackageReference "SnapKit" */ = {
			isa = XCRemoteSwiftPackageReference;
			repositoryURL = "https://github.com/SnapKit/SnapKit.git";
			requirement = {
				kind = upToNextMajorVersion;
				minimumVersion = 5.0.0;
			};
		};
		906B857D2A8263F600DFBB99 /* XCRemoteSwiftPackageReference "realm-swift" */ = {
			isa = XCRemoteSwiftPackageReference;
			repositoryURL = "https://github.com/realm/realm-swift";
			requirement = {
				kind = exactVersion;
				version = 10.39.1;
			};
		};
		906B85822A82640B00DFBB99 /* XCRemoteSwiftPackageReference "SwinjectAutoregistration" */ = {
			isa = XCRemoteSwiftPackageReference;
			repositoryURL = "https://github.com/Swinject/SwinjectAutoregistration.git";
			requirement = {
				kind = upToNextMajorVersion;
				minimumVersion = 2.0.0;
			};
		};
		906B85852A82642400DFBB99 /* XCRemoteSwiftPackageReference "Swinject" */ = {
			isa = XCRemoteSwiftPackageReference;
			repositoryURL = "https://github.com/Swinject/Swinject.git";
			requirement = {
				kind = upToNextMajorVersion;
				minimumVersion = 2.0.0;
			};
		};
		906B85882A82643B00DFBB99 /* XCRemoteSwiftPackageReference "RxSwift" */ = {
			isa = XCRemoteSwiftPackageReference;
			repositoryURL = "https://github.com/ReactiveX/RxSwift";
			requirement = {
				kind = upToNextMajorVersion;
				minimumVersion = 6.0.0;
			};
		};
		906B858D2A82645600DFBB99 /* XCRemoteSwiftPackageReference "NetworkLayer" */ = {
			isa = XCRemoteSwiftPackageReference;
			repositoryURL = "https://github.com/emircanaydin/NetworkLayer";
			requirement = {
				kind = upToNextMajorVersion;
				minimumVersion = 1.0.0;
			};
		};
/* End XCRemoteSwiftPackageReference section */

/* Begin XCSwiftPackageProductDependency section */
		9064AC262A828CED00F53F5F /* SnapKit */ = {
			isa = XCSwiftPackageProductDependency;
			package = 9064AC252A828CED00F53F5F /* XCRemoteSwiftPackageReference "SnapKit" */;
			productName = SnapKit;
		};
		906B857E2A8263F600DFBB99 /* Realm */ = {
			isa = XCSwiftPackageProductDependency;
			package = 906B857D2A8263F600DFBB99 /* XCRemoteSwiftPackageReference "realm-swift" */;
			productName = Realm;
		};
		906B85802A8263F600DFBB99 /* RealmSwift */ = {
			isa = XCSwiftPackageProductDependency;
			package = 906B857D2A8263F600DFBB99 /* XCRemoteSwiftPackageReference "realm-swift" */;
			productName = RealmSwift;
		};
		906B85832A82640B00DFBB99 /* SwinjectAutoregistration */ = {
			isa = XCSwiftPackageProductDependency;
			package = 906B85822A82640B00DFBB99 /* XCRemoteSwiftPackageReference "SwinjectAutoregistration" */;
			productName = SwinjectAutoregistration;
		};
		906B85862A82642400DFBB99 /* Swinject */ = {
			isa = XCSwiftPackageProductDependency;
			package = 906B85852A82642400DFBB99 /* XCRemoteSwiftPackageReference "Swinject" */;
			productName = Swinject;
		};
		906B85892A82643B00DFBB99 /* RxCocoa */ = {
			isa = XCSwiftPackageProductDependency;
			package = 906B85882A82643B00DFBB99 /* XCRemoteSwiftPackageReference "RxSwift" */;
			productName = RxCocoa;
		};
		906B858B2A82643B00DFBB99 /* RxSwift */ = {
			isa = XCSwiftPackageProductDependency;
			package = 906B85882A82643B00DFBB99 /* XCRemoteSwiftPackageReference "RxSwift" */;
			productName = RxSwift;
		};
		906B858E2A82645600DFBB99 /* NetworkLayer */ = {
			isa = XCSwiftPackageProductDependency;
			package = 906B858D2A82645600DFBB99 /* XCRemoteSwiftPackageReference "NetworkLayer" */;
			productName = NetworkLayer;
		};
/* End XCSwiftPackageProductDependency section */
	};
	rootObject = 90577C532A825F3400B8CE6C /* Project object */;
}
