// !$*UTF8*$!
{
	archiveVersion = 1;
	classes = {
	};
	objectVersion = 55;
	objects = {

/* Begin PBXBuildFile section */
		90577C5F2A825F3400B8CE6C /* AppDelegate.swift in Sources */ = {isa = PBXBuildFile; fileRef = 90577C5E2A825F3400B8CE6C /* AppDelegate.swift */; };
		90577C682A825F3500B8CE6C /* Assets.xcassets in Resources */ = {isa = PBXBuildFile; fileRef = 90577C672A825F3500B8CE6C /* Assets.xcassets */; };
		90577C6B2A825F3500B8CE6C /* LaunchScreen.storyboard in Resources */ = {isa = PBXBuildFile; fileRef = 90577C692A825F3500B8CE6C /* LaunchScreen.storyboard */; };
		90577C762A825F3500B8CE6C /* simpra_code_caseTests.swift in Sources */ = {isa = PBXBuildFile; fileRef = 90577C752A825F3500B8CE6C /* simpra_code_caseTests.swift */; };
		90577C802A825F3500B8CE6C /* simpra_code_caseUITests.swift in Sources */ = {isa = PBXBuildFile; fileRef = 90577C7F2A825F3500B8CE6C /* simpra_code_caseUITests.swift */; };
		90577C822A825F3500B8CE6C /* simpra_code_caseUITestsLaunchTests.swift in Sources */ = {isa = PBXBuildFile; fileRef = 90577C812A825F3500B8CE6C /* simpra_code_caseUITestsLaunchTests.swift */; };
		9064ABD32A82661100F53F5F /* BaseView.swift in Sources */ = {isa = PBXBuildFile; fileRef = 9064ABD22A82661100F53F5F /* BaseView.swift */; };
		9064ABD52A82662D00F53F5F /* BaseViewController.swift in Sources */ = {isa = PBXBuildFile; fileRef = 9064ABD42A82662D00F53F5F /* BaseViewController.swift */; };
		9064ABD72A82669200F53F5F /* GenericBaseView.swift in Sources */ = {isa = PBXBuildFile; fileRef = 9064ABD62A82669200F53F5F /* GenericBaseView.swift */; };
		9064ABDB2A8266BF00F53F5F /* BaseViewModelDelegate.swift in Sources */ = {isa = PBXBuildFile; fileRef = 9064ABDA2A8266BF00F53F5F /* BaseViewModelDelegate.swift */; };
		9064ABDD2A8266DF00F53F5F /* GenericValueProtocol.swift in Sources */ = {isa = PBXBuildFile; fileRef = 9064ABDC2A8266DF00F53F5F /* GenericValueProtocol.swift */; };
		9064ABE02A82670700F53F5F /* BaseCoordinator.swift in Sources */ = {isa = PBXBuildFile; fileRef = 9064ABDF2A82670700F53F5F /* BaseCoordinator.swift */; };
		9064ABE22A82671E00F53F5F /* Coordinator.swift in Sources */ = {isa = PBXBuildFile; fileRef = 9064ABE12A82671E00F53F5F /* Coordinator.swift */; };
		9064ABE62A82677700F53F5F /* Assembler+Extensions.swift in Sources */ = {isa = PBXBuildFile; fileRef = 9064ABE52A82677700F53F5F /* Assembler+Extensions.swift */; };
		9064ABE92A8268C600F53F5F /* DatabaseManager.swift in Sources */ = {isa = PBXBuildFile; fileRef = 9064ABE82A8268C600F53F5F /* DatabaseManager.swift */; };
		9064ABED2A826BB400F53F5F /* SplashViewModel.swift in Sources */ = {isa = PBXBuildFile; fileRef = 9064ABEC2A826BB400F53F5F /* SplashViewModel.swift */; };
		9064ABEF2A826BE400F53F5F /* SplashViewController.swift in Sources */ = {isa = PBXBuildFile; fileRef = 9064ABEE2A826BE400F53F5F /* SplashViewController.swift */; };
		9064ABF22A826C6600F53F5F /* AppCoordinator.swift in Sources */ = {isa = PBXBuildFile; fileRef = 9064ABF12A826C6600F53F5F /* AppCoordinator.swift */; };
		9064ABF42A826C7300F53F5F /* AppViewModel.swift in Sources */ = {isa = PBXBuildFile; fileRef = 9064ABF32A826C7300F53F5F /* AppViewModel.swift */; };
		9064ABF72A826CE100F53F5F /* ViewControllerUtils.swift in Sources */ = {isa = PBXBuildFile; fileRef = 9064ABF62A826CE100F53F5F /* ViewControllerUtils.swift */; };
		9064ABF92A826D0000F53F5F /* SplashCoordinator.swift in Sources */ = {isa = PBXBuildFile; fileRef = 9064ABF82A826D0000F53F5F /* SplashCoordinator.swift */; };
		9064ABFE2A826E0E00F53F5F /* AssemblerResolverDelegate.swift in Sources */ = {isa = PBXBuildFile; fileRef = 9064ABFD2A826E0E00F53F5F /* AssemblerResolverDelegate.swift */; };
		9064AC012A826E2700F53F5F /* AppCoordinatorAssembler.swift in Sources */ = {isa = PBXBuildFile; fileRef = 9064AC002A826E2700F53F5F /* AppCoordinatorAssembler.swift */; };
		9064AC032A826E3C00F53F5F /* SplashCoordinatorAssembler.swift in Sources */ = {isa = PBXBuildFile; fileRef = 9064AC022A826E3C00F53F5F /* SplashCoordinatorAssembler.swift */; };
		9064AC062A82711000F53F5F /* AuthenticationManager.swift in Sources */ = {isa = PBXBuildFile; fileRef = 9064AC052A82711000F53F5F /* AuthenticationManager.swift */; };
		9064AC092A82713800F53F5F /* SavedArray.swift in Sources */ = {isa = PBXBuildFile; fileRef = 9064AC082A82713800F53F5F /* SavedArray.swift */; };
		9064AC0C2A8271C600F53F5F /* DatabaseKeys.swift in Sources */ = {isa = PBXBuildFile; fileRef = 9064AC0B2A8271C600F53F5F /* DatabaseKeys.swift */; };
		9064AC102A82748D00F53F5F /* LoginViewModel.swift in Sources */ = {isa = PBXBuildFile; fileRef = 9064AC0F2A82748D00F53F5F /* LoginViewModel.swift */; };
		9064AC122A8274B700F53F5F /* LoginViewController.swift in Sources */ = {isa = PBXBuildFile; fileRef = 9064AC112A8274B700F53F5F /* LoginViewController.swift */; };
		9064AC142A8274D100F53F5F /* LoginCoordinator.swift in Sources */ = {isa = PBXBuildFile; fileRef = 9064AC132A8274D100F53F5F /* LoginCoordinator.swift */; };
		9064AC162A82761D00F53F5F /* LoginCoordinatorAssembler.swift in Sources */ = {isa = PBXBuildFile; fileRef = 9064AC152A82761D00F53F5F /* LoginCoordinatorAssembler.swift */; };
		9064AC1A2A82829400F53F5F /* CustomTextFieldData.swift in Sources */ = {isa = PBXBuildFile; fileRef = 9064AC192A82829400F53F5F /* CustomTextFieldData.swift */; };
		9064AC1C2A8282A000F53F5F /* CustomTextField.swift in Sources */ = {isa = PBXBuildFile; fileRef = 9064AC1B2A8282A000F53F5F /* CustomTextField.swift */; };
		9064AC1F2A82844000F53F5F /* Colors.swift in Sources */ = {isa = PBXBuildFile; fileRef = 9064AC1E2A82844000F53F5F /* Colors.swift */; };
		9064AC222A828B2300F53F5F /* ImageHelper.swift in Sources */ = {isa = PBXBuildFile; fileRef = 9064AC212A828B2300F53F5F /* ImageHelper.swift */; };
		9064AC272A828CED00F53F5F /* SnapKit in Frameworks */ = {isa = PBXBuildFile; productRef = 9064AC262A828CED00F53F5F /* SnapKit */; };
		9064AC362A82A58700F53F5F /* Roboto-Medium.ttf in Resources */ = {isa = PBXBuildFile; fileRef = 9064AC2A2A82A58600F53F5F /* Roboto-Medium.ttf */; };
		9064AC372A82A58700F53F5F /* Roboto-Bold.ttf in Resources */ = {isa = PBXBuildFile; fileRef = 9064AC2B2A82A58600F53F5F /* Roboto-Bold.ttf */; };
		9064AC3C2A82A58700F53F5F /* Roboto-Regular.ttf in Resources */ = {isa = PBXBuildFile; fileRef = 9064AC302A82A58700F53F5F /* Roboto-Regular.ttf */; };
		9064AC3D2A82A58700F53F5F /* Roboto-BoldItalic.ttf in Resources */ = {isa = PBXBuildFile; fileRef = 9064AC312A82A58700F53F5F /* Roboto-BoldItalic.ttf */; };
		9064AC432A82A62600F53F5F /* FontManager.swift in Sources */ = {isa = PBXBuildFile; fileRef = 9064AC422A82A62600F53F5F /* FontManager.swift */; };
		9064AC472A82AACE00F53F5F /* Localizable.strings in Resources */ = {isa = PBXBuildFile; fileRef = 9064AC492A82AACE00F53F5F /* Localizable.strings */; };
		9064AC4D2A82AB2700F53F5F /* Localizables.swift in Sources */ = {isa = PBXBuildFile; fileRef = 9064AC4C2A82AB2700F53F5F /* Localizables.swift */; };
		9064AC502A82C3EE00F53F5F /* ActionButton.swift in Sources */ = {isa = PBXBuildFile; fileRef = 9064AC4F2A82C3EE00F53F5F /* ActionButton.swift */; };
		9064AC522A82C40000F53F5F /* ActionButtonData.swift in Sources */ = {isa = PBXBuildFile; fileRef = 9064AC512A82C40000F53F5F /* ActionButtonData.swift */; };
		9064AC542A82C50C00F53F5F /* UIView+Extensions.swift in Sources */ = {isa = PBXBuildFile; fileRef = 9064AC532A82C50C00F53F5F /* UIView+Extensions.swift */; };
		9064AC602A82CF0700F53F5F /* BaseUseCase.swift in Sources */ = {isa = PBXBuildFile; fileRef = 9064AC582A82CF0700F53F5F /* BaseUseCase.swift */; };
		9064AC612A82CF0700F53F5F /* BaseUseCaseProtocol.swift in Sources */ = {isa = PBXBuildFile; fileRef = 9064AC592A82CF0700F53F5F /* BaseUseCaseProtocol.swift */; };
		9064AC622A82CF0700F53F5F /* SingleUseCase.swift in Sources */ = {isa = PBXBuildFile; fileRef = 9064AC5A2A82CF0700F53F5F /* SingleUseCase.swift */; };
		9064AC632A82CF0700F53F5F /* UseCaseCallBackProtocol.swift in Sources */ = {isa = PBXBuildFile; fileRef = 9064AC5C2A82CF0700F53F5F /* UseCaseCallBackProtocol.swift */; };
		9064AC642A82CF0700F53F5F /* UseCaseCallback.swift in Sources */ = {isa = PBXBuildFile; fileRef = 9064AC5D2A82CF0700F53F5F /* UseCaseCallback.swift */; };
		9064AC652A82CF0700F53F5F /* UseCaseListener.swift in Sources */ = {isa = PBXBuildFile; fileRef = 9064AC5F2A82CF0700F53F5F /* UseCaseListener.swift */; };
		9064AC6C2A82CF3A00F53F5F /* BaseApiRemote.swift in Sources */ = {isa = PBXBuildFile; fileRef = 9064AC692A82CF3A00F53F5F /* BaseApiRemote.swift */; };
		9064AC6D2A82CF3A00F53F5F /* BaseRepository.swift in Sources */ = {isa = PBXBuildFile; fileRef = 9064AC6B2A82CF3A00F53F5F /* BaseRepository.swift */; };
		9064AC702A82CF5C00F53F5F /* EndpointManager.swift in Sources */ = {isa = PBXBuildFile; fileRef = 9064AC6F2A82CF5C00F53F5F /* EndpointManager.swift */; };
		9064AC762A82D04500F53F5F /* LoginUseCase.swift in Sources */ = {isa = PBXBuildFile; fileRef = 9064AC752A82D04500F53F5F /* LoginUseCase.swift */; };
		9064AC782A82D06700F53F5F /* LoginResponse.swift in Sources */ = {isa = PBXBuildFile; fileRef = 9064AC772A82D06700F53F5F /* LoginResponse.swift */; };
		9064AC7B2A82D0F700F53F5F /* LoginReposityoryProtocol.swift in Sources */ = {isa = PBXBuildFile; fileRef = 9064AC7A2A82D0F700F53F5F /* LoginReposityoryProtocol.swift */; };
		9064AC802A82D18500F53F5F /* LoginCallback.swift in Sources */ = {isa = PBXBuildFile; fileRef = 9064AC7F2A82D18500F53F5F /* LoginCallback.swift */; };
		9064AC842A82D20100F53F5F /* LoginDataRemoteProtocol.swift in Sources */ = {isa = PBXBuildFile; fileRef = 9064AC832A82D20100F53F5F /* LoginDataRemoteProtocol.swift */; };
		9064AC862A82D2A700F53F5F /* LoginServiceProviderManagerProtocol.swift in Sources */ = {isa = PBXBuildFile; fileRef = 9064AC852A82D2A700F53F5F /* LoginServiceProviderManagerProtocol.swift */; };
		9064AC892A82D2C900F53F5F /* LoginDataApiRemote.swift in Sources */ = {isa = PBXBuildFile; fileRef = 9064AC882A82D2C900F53F5F /* LoginDataApiRemote.swift */; };
		9064AC8C2A82D36600F53F5F /* LoginDataRepository.swift in Sources */ = {isa = PBXBuildFile; fileRef = 9064AC8B2A82D36600F53F5F /* LoginDataRepository.swift */; };
		9064AC8F2A82D3C200F53F5F /* LoginServiceProvider.swift in Sources */ = {isa = PBXBuildFile; fileRef = 9064AC8E2A82D3C200F53F5F /* LoginServiceProvider.swift */; };
		9064AC912A82EC3A00F53F5F /* AuthenticationAssembler.swift in Sources */ = {isa = PBXBuildFile; fileRef = 9064AC902A82EC3A00F53F5F /* AuthenticationAssembler.swift */; };
		9064AC932A82ED7000F53F5F /* NetworkAssembler.swift in Sources */ = {isa = PBXBuildFile; fileRef = 9064AC922A82ED7000F53F5F /* NetworkAssembler.swift */; };
		9064AC962A82ED9F00F53F5F /* AccessProviderManager.swift in Sources */ = {isa = PBXBuildFile; fileRef = 9064AC952A82ED9F00F53F5F /* AccessProviderManager.swift */; };
		9064AC992A83B13200F53F5F /* FriendListViewModel.swift in Sources */ = {isa = PBXBuildFile; fileRef = 9064AC982A83B13200F53F5F /* FriendListViewModel.swift */; };
		9064AC9B2A83B1BB00F53F5F /* FriendListViewController.swift in Sources */ = {isa = PBXBuildFile; fileRef = 9064AC9A2A83B1BB00F53F5F /* FriendListViewController.swift */; };
		9064AC9D2A83B1FF00F53F5F /* FriendListCoordinator.swift in Sources */ = {isa = PBXBuildFile; fileRef = 9064AC9C2A83B1FF00F53F5F /* FriendListCoordinator.swift */; };
		9064AC9F2A83B5D300F53F5F /* FriendListCoordinatorAssembler.swift in Sources */ = {isa = PBXBuildFile; fileRef = 9064AC9E2A83B5D300F53F5F /* FriendListCoordinatorAssembler.swift */; };
		9064ACA32A83B70100F53F5F /* FriendListResponse.swift in Sources */ = {isa = PBXBuildFile; fileRef = 9064ACA22A83B70100F53F5F /* FriendListResponse.swift */; };
		9064ACA52A83B8F900F53F5F /* FriendListRequest.swift in Sources */ = {isa = PBXBuildFile; fileRef = 9064ACA42A83B8F900F53F5F /* FriendListRequest.swift */; };
		9064ACA72A83B91A00F53F5F /* FriendListCallback.swift in Sources */ = {isa = PBXBuildFile; fileRef = 9064ACA62A83B91A00F53F5F /* FriendListCallback.swift */; };
		9064ACAB2A83B96900F53F5F /* FriendListRepositoryProtocol.swift in Sources */ = {isa = PBXBuildFile; fileRef = 9064ACAA2A83B96900F53F5F /* FriendListRepositoryProtocol.swift */; };
		9064ACAE2A83B99B00F53F5F /* FriendListUseCase.swift in Sources */ = {isa = PBXBuildFile; fileRef = 9064ACAD2A83B99B00F53F5F /* FriendListUseCase.swift */; };
		9064ACB22A83BA5400F53F5F /* FriendListDataApiRemoteProtocol.swift in Sources */ = {isa = PBXBuildFile; fileRef = 9064ACB12A83BA5400F53F5F /* FriendListDataApiRemoteProtocol.swift */; };
		9064ACB42A83BAED00F53F5F /* FriendListServiceProviderManagerProtocol.swift in Sources */ = {isa = PBXBuildFile; fileRef = 9064ACB32A83BAED00F53F5F /* FriendListServiceProviderManagerProtocol.swift */; };
		9064ACB72A83BC0900F53F5F /* FriendListServiceProvider.swift in Sources */ = {isa = PBXBuildFile; fileRef = 9064ACB62A83BC0900F53F5F /* FriendListServiceProvider.swift */; };
		9064ACB92A83BD4800F53F5F /* FriendListServiceProviderManager.swift in Sources */ = {isa = PBXBuildFile; fileRef = 9064ACB82A83BD4800F53F5F /* FriendListServiceProviderManager.swift */; };
		9064ACBC2A83BD8000F53F5F /* FriendListDataRepository.swift in Sources */ = {isa = PBXBuildFile; fileRef = 9064ACBB2A83BD8000F53F5F /* FriendListDataRepository.swift */; };
		9064ACBE2A83BDD600F53F5F /* FriendListDataApiRemote.swift in Sources */ = {isa = PBXBuildFile; fileRef = 9064ACBD2A83BDD600F53F5F /* FriendListDataApiRemote.swift */; };
		9064ACC12A83BE7300F53F5F /* FriendListServiceAssembler.swift in Sources */ = {isa = PBXBuildFile; fileRef = 9064ACC02A83BE7300F53F5F /* FriendListServiceAssembler.swift */; };
		9064ACC32A83C1CE00F53F5F /* FriendListDataFormatterProtocol.swift in Sources */ = {isa = PBXBuildFile; fileRef = 9064ACC22A83C1CE00F53F5F /* FriendListDataFormatterProtocol.swift */; };
		9064ACC62A83C1F200F53F5F /* PaginationInfo.swift in Sources */ = {isa = PBXBuildFile; fileRef = 9064ACC52A83C1F200F53F5F /* PaginationInfo.swift */; };
		9064ACC82A83C27200F53F5F /* FriendListDataFormatter.swift in Sources */ = {isa = PBXBuildFile; fileRef = 9064ACC72A83C27200F53F5F /* FriendListDataFormatter.swift */; };
		9064ACCA2A83C34900F53F5F /* CollectionState.swift in Sources */ = {isa = PBXBuildFile; fileRef = 9064ACC92A83C34900F53F5F /* CollectionState.swift */; };
		9064ACCD2A83C54400F53F5F /* FriendContentDisplayerViewData.swift in Sources */ = {isa = PBXBuildFile; fileRef = 9064ACCC2A83C54400F53F5F /* FriendContentDisplayerViewData.swift */; };
		9064ACD02A83C6AE00F53F5F /* FriendListCollectionComponentDelegate.swift in Sources */ = {isa = PBXBuildFile; fileRef = 9064ACCF2A83C6AE00F53F5F /* FriendListCollectionComponentDelegate.swift */; };
		9064ACD22A83C8E000F53F5F /* FriendListCollectionComponentData.swift in Sources */ = {isa = PBXBuildFile; fileRef = 9064ACD12A83C8E000F53F5F /* FriendListCollectionComponentData.swift */; };
		9064ACD42A83C8FA00F53F5F /* FriendListCollectionComponent.swift in Sources */ = {isa = PBXBuildFile; fileRef = 9064ACD32A83C8FA00F53F5F /* FriendListCollectionComponent.swift */; };
		9064ACD72A83C93E00F53F5F /* LoadingCell.swift in Sources */ = {isa = PBXBuildFile; fileRef = 9064ACD62A83C93E00F53F5F /* LoadingCell.swift */; };
		9064ACD92A83C95200F53F5F /* BaseCollectionViewCell.swift in Sources */ = {isa = PBXBuildFile; fileRef = 9064ACD82A83C95200F53F5F /* BaseCollectionViewCell.swift */; };
		9064ACDB2A83C99F00F53F5F /* FriendContentDisplayerView.swift in Sources */ = {isa = PBXBuildFile; fileRef = 9064ACDA2A83C99F00F53F5F /* FriendContentDisplayerView.swift */; };
		9064ACDE2A83C9C500F53F5F /* FriendContentDisplayerCollectionViewCell.swift in Sources */ = {isa = PBXBuildFile; fileRef = 9064ACDD2A83C9C500F53F5F /* FriendContentDisplayerCollectionViewCell.swift */; };
		9064ACE02A83C9E000F53F5F /* GenericCollectionViewCell.swift in Sources */ = {isa = PBXBuildFile; fileRef = 9064ACDF2A83C9E000F53F5F /* GenericCollectionViewCell.swift */; };
		9064ACE22A83CA4000F53F5F /* UICollectionView+Extensions.swift in Sources */ = {isa = PBXBuildFile; fileRef = 9064ACE12A83CA3F00F53F5F /* UICollectionView+Extensions.swift */; };
		9064ACF12A83D06B00F53F5F /* ImageCacheManager.swift in Sources */ = {isa = PBXBuildFile; fileRef = 9064ACF02A83D06B00F53F5F /* ImageCacheManager.swift */; };
		9064AD052A83D18100F53F5F /* LoadingType.swift in Sources */ = {isa = PBXBuildFile; fileRef = 9064AD042A83D18100F53F5F /* LoadingType.swift */; };
		9064AD072A83D18E00F53F5F /* CustomImageViewComponent.swift in Sources */ = {isa = PBXBuildFile; fileRef = 9064AD062A83D18E00F53F5F /* CustomImageViewComponent.swift */; };
		9064AD092A83D1BB00F53F5F /* CustomImageViewComponentContainer.swift in Sources */ = {isa = PBXBuildFile; fileRef = 9064AD082A83D1BB00F53F5F /* CustomImageViewComponentContainer.swift */; };
		9064AD0B2A83D1D800F53F5F /* CustomImageViewComponentData.swift in Sources */ = {isa = PBXBuildFile; fileRef = 9064AD0A2A83D1D800F53F5F /* CustomImageViewComponentData.swift */; };
		9064AD142A84121600F53F5F /* FriendDetailViewModel.swift in Sources */ = {isa = PBXBuildFile; fileRef = 9064AD132A84121600F53F5F /* FriendDetailViewModel.swift */; };
		9064AD162A84125A00F53F5F /* FriendDetailCoordinator.swift in Sources */ = {isa = PBXBuildFile; fileRef = 9064AD152A84125A00F53F5F /* FriendDetailCoordinator.swift */; };
		9064AD182A84128000F53F5F /* FriendDetailViewController.swift in Sources */ = {isa = PBXBuildFile; fileRef = 9064AD172A84128000F53F5F /* FriendDetailViewController.swift */; };
		9064AD1A2A8413D200F53F5F /* FriendListRouter.swift in Sources */ = {isa = PBXBuildFile; fileRef = 9064AD192A8413D200F53F5F /* FriendListRouter.swift */; };
		9064AD1C2A84151700F53F5F /* FriendDetailCoordinatorAssembler.swift in Sources */ = {isa = PBXBuildFile; fileRef = 9064AD1B2A84151600F53F5F /* FriendDetailCoordinatorAssembler.swift */; };
		9064AD1F2A84164A00F53F5F /* FriendDetailHeaderViewData.swift in Sources */ = {isa = PBXBuildFile; fileRef = 9064AD1E2A84164A00F53F5F /* FriendDetailHeaderViewData.swift */; };
		9064AD212A84167C00F53F5F /* FriendDetailHeaderView.swift in Sources */ = {isa = PBXBuildFile; fileRef = 9064AD202A84167C00F53F5F /* FriendDetailHeaderView.swift */; };
		9064AD232A8416C800F53F5F /* FriendDetailHeaderFlowLayout.swift in Sources */ = {isa = PBXBuildFile; fileRef = 9064AD222A8416C800F53F5F /* FriendDetailHeaderFlowLayout.swift */; };
		9064AD252A84170D00F53F5F /* GenericUICollectionReusableView.swift in Sources */ = {isa = PBXBuildFile; fileRef = 9064AD242A84170D00F53F5F /* GenericUICollectionReusableView.swift */; };
		9064AD272A84173600F53F5F /* BaseCollectionReusableView.swift in Sources */ = {isa = PBXBuildFile; fileRef = 9064AD262A84173600F53F5F /* BaseCollectionReusableView.swift */; };
		9064AD292A84176800F53F5F /* FriendDetailHeaderReusableView.swift in Sources */ = {isa = PBXBuildFile; fileRef = 9064AD282A84176800F53F5F /* FriendDetailHeaderReusableView.swift */; };
		9064AD2C2A8417DD00F53F5F /* FriendDetailViewData.swift in Sources */ = {isa = PBXBuildFile; fileRef = 9064AD2B2A8417DD00F53F5F /* FriendDetailViewData.swift */; };
		9064AD2E2A84183600F53F5F /* FriendDetailView.swift in Sources */ = {isa = PBXBuildFile; fileRef = 9064AD2D2A84183600F53F5F /* FriendDetailView.swift */; };
		9064AD312A841A0F00F53F5F /* FriendDetailInfoViewData.swift in Sources */ = {isa = PBXBuildFile; fileRef = 9064AD302A841A0F00F53F5F /* FriendDetailInfoViewData.swift */; };
		9064AD332A841A5300F53F5F /* FriendDetailInfoView.swift in Sources */ = {isa = PBXBuildFile; fileRef = 9064AD322A841A5300F53F5F /* FriendDetailInfoView.swift */; };
		906B857F2A8263F600DFBB99 /* Realm in Frameworks */ = {isa = PBXBuildFile; productRef = 906B857E2A8263F600DFBB99 /* Realm */; };
		906B85812A8263F600DFBB99 /* RealmSwift in Frameworks */ = {isa = PBXBuildFile; productRef = 906B85802A8263F600DFBB99 /* RealmSwift */; };
		906B85842A82640B00DFBB99 /* SwinjectAutoregistration in Frameworks */ = {isa = PBXBuildFile; productRef = 906B85832A82640B00DFBB99 /* SwinjectAutoregistration */; };
		906B85872A82642400DFBB99 /* Swinject in Frameworks */ = {isa = PBXBuildFile; productRef = 906B85862A82642400DFBB99 /* Swinject */; };
		906B858A2A82643B00DFBB99 /* RxCocoa in Frameworks */ = {isa = PBXBuildFile; productRef = 906B85892A82643B00DFBB99 /* RxCocoa */; };
		906B858C2A82643B00DFBB99 /* RxSwift in Frameworks */ = {isa = PBXBuildFile; productRef = 906B858B2A82643B00DFBB99 /* RxSwift */; };
		906B858F2A82645600DFBB99 /* NetworkLayer in Frameworks */ = {isa = PBXBuildFile; productRef = 906B858E2A82645600DFBB99 /* NetworkLayer */; };
/* End PBXBuildFile section */

/* Begin PBXContainerItemProxy section */
		90577C722A825F3500B8CE6C /* PBXContainerItemProxy */ = {
			isa = PBXContainerItemProxy;
			containerPortal = 90577C532A825F3400B8CE6C /* Project object */;
			proxyType = 1;
			remoteGlobalIDString = 90577C5A2A825F3400B8CE6C;
			remoteInfo = "simpra-code-case";
		};
		90577C7C2A825F3500B8CE6C /* PBXContainerItemProxy */ = {
			isa = PBXContainerItemProxy;
			containerPortal = 90577C532A825F3400B8CE6C /* Project object */;
			proxyType = 1;
			remoteGlobalIDString = 90577C5A2A825F3400B8CE6C;
			remoteInfo = "simpra-code-case";
		};
/* End PBXContainerItemProxy section */

/* Begin PBXFileReference section */
		90577C5B2A825F3400B8CE6C /* simpra-code-case.app */ = {isa = PBXFileReference; explicitFileType = wrapper.application; includeInIndex = 0; path = "simpra-code-case.app"; sourceTree = BUILT_PRODUCTS_DIR; };
		90577C5E2A825F3400B8CE6C /* AppDelegate.swift */ = {isa = PBXFileReference; lastKnownFileType = sourcecode.swift; path = AppDelegate.swift; sourceTree = "<group>"; };
		90577C672A825F3500B8CE6C /* Assets.xcassets */ = {isa = PBXFileReference; lastKnownFileType = folder.assetcatalog; path = Assets.xcassets; sourceTree = "<group>"; };
		90577C6A2A825F3500B8CE6C /* Base */ = {isa = PBXFileReference; lastKnownFileType = file.storyboard; name = Base; path = Base.lproj/LaunchScreen.storyboard; sourceTree = "<group>"; };
		90577C6C2A825F3500B8CE6C /* Info.plist */ = {isa = PBXFileReference; lastKnownFileType = text.plist.xml; path = Info.plist; sourceTree = "<group>"; };
		90577C712A825F3500B8CE6C /* simpra-code-caseTests.xctest */ = {isa = PBXFileReference; explicitFileType = wrapper.cfbundle; includeInIndex = 0; path = "simpra-code-caseTests.xctest"; sourceTree = BUILT_PRODUCTS_DIR; };
		90577C752A825F3500B8CE6C /* simpra_code_caseTests.swift */ = {isa = PBXFileReference; lastKnownFileType = sourcecode.swift; path = simpra_code_caseTests.swift; sourceTree = "<group>"; };
		90577C7B2A825F3500B8CE6C /* simpra-code-caseUITests.xctest */ = {isa = PBXFileReference; explicitFileType = wrapper.cfbundle; includeInIndex = 0; path = "simpra-code-caseUITests.xctest"; sourceTree = BUILT_PRODUCTS_DIR; };
		90577C7F2A825F3500B8CE6C /* simpra_code_caseUITests.swift */ = {isa = PBXFileReference; lastKnownFileType = sourcecode.swift; path = simpra_code_caseUITests.swift; sourceTree = "<group>"; };
		90577C812A825F3500B8CE6C /* simpra_code_caseUITestsLaunchTests.swift */ = {isa = PBXFileReference; lastKnownFileType = sourcecode.swift; path = simpra_code_caseUITestsLaunchTests.swift; sourceTree = "<group>"; };
		9064ABD22A82661100F53F5F /* BaseView.swift */ = {isa = PBXFileReference; lastKnownFileType = sourcecode.swift; path = BaseView.swift; sourceTree = "<group>"; };
		9064ABD42A82662D00F53F5F /* BaseViewController.swift */ = {isa = PBXFileReference; lastKnownFileType = sourcecode.swift; path = BaseViewController.swift; sourceTree = "<group>"; };
		9064ABD62A82669200F53F5F /* GenericBaseView.swift */ = {isa = PBXFileReference; lastKnownFileType = sourcecode.swift; path = GenericBaseView.swift; sourceTree = "<group>"; };
		9064ABDA2A8266BF00F53F5F /* BaseViewModelDelegate.swift */ = {isa = PBXFileReference; lastKnownFileType = sourcecode.swift; path = BaseViewModelDelegate.swift; sourceTree = "<group>"; };
		9064ABDC2A8266DF00F53F5F /* GenericValueProtocol.swift */ = {isa = PBXFileReference; lastKnownFileType = sourcecode.swift; path = GenericValueProtocol.swift; sourceTree = "<group>"; };
		9064ABDF2A82670700F53F5F /* BaseCoordinator.swift */ = {isa = PBXFileReference; lastKnownFileType = sourcecode.swift; path = BaseCoordinator.swift; sourceTree = "<group>"; };
		9064ABE12A82671E00F53F5F /* Coordinator.swift */ = {isa = PBXFileReference; lastKnownFileType = sourcecode.swift; path = Coordinator.swift; sourceTree = "<group>"; };
		9064ABE52A82677700F53F5F /* Assembler+Extensions.swift */ = {isa = PBXFileReference; lastKnownFileType = sourcecode.swift; path = "Assembler+Extensions.swift"; sourceTree = "<group>"; };
		9064ABE82A8268C600F53F5F /* DatabaseManager.swift */ = {isa = PBXFileReference; lastKnownFileType = sourcecode.swift; path = DatabaseManager.swift; sourceTree = "<group>"; };
		9064ABEC2A826BB400F53F5F /* SplashViewModel.swift */ = {isa = PBXFileReference; lastKnownFileType = sourcecode.swift; path = SplashViewModel.swift; sourceTree = "<group>"; };
		9064ABEE2A826BE400F53F5F /* SplashViewController.swift */ = {isa = PBXFileReference; lastKnownFileType = sourcecode.swift; path = SplashViewController.swift; sourceTree = "<group>"; };
		9064ABF12A826C6600F53F5F /* AppCoordinator.swift */ = {isa = PBXFileReference; lastKnownFileType = sourcecode.swift; path = AppCoordinator.swift; sourceTree = "<group>"; };
		9064ABF32A826C7300F53F5F /* AppViewModel.swift */ = {isa = PBXFileReference; lastKnownFileType = sourcecode.swift; path = AppViewModel.swift; sourceTree = "<group>"; };
		9064ABF62A826CE100F53F5F /* ViewControllerUtils.swift */ = {isa = PBXFileReference; lastKnownFileType = sourcecode.swift; path = ViewControllerUtils.swift; sourceTree = "<group>"; };
		9064ABF82A826D0000F53F5F /* SplashCoordinator.swift */ = {isa = PBXFileReference; lastKnownFileType = sourcecode.swift; path = SplashCoordinator.swift; sourceTree = "<group>"; };
		9064ABFD2A826E0E00F53F5F /* AssemblerResolverDelegate.swift */ = {isa = PBXFileReference; lastKnownFileType = sourcecode.swift; path = AssemblerResolverDelegate.swift; sourceTree = "<group>"; };
		9064AC002A826E2700F53F5F /* AppCoordinatorAssembler.swift */ = {isa = PBXFileReference; lastKnownFileType = sourcecode.swift; path = AppCoordinatorAssembler.swift; sourceTree = "<group>"; };
		9064AC022A826E3C00F53F5F /* SplashCoordinatorAssembler.swift */ = {isa = PBXFileReference; lastKnownFileType = sourcecode.swift; path = SplashCoordinatorAssembler.swift; sourceTree = "<group>"; };
		9064AC052A82711000F53F5F /* AuthenticationManager.swift */ = {isa = PBXFileReference; lastKnownFileType = sourcecode.swift; path = AuthenticationManager.swift; sourceTree = "<group>"; };
		9064AC082A82713800F53F5F /* SavedArray.swift */ = {isa = PBXFileReference; lastKnownFileType = sourcecode.swift; path = SavedArray.swift; sourceTree = "<group>"; };
		9064AC0B2A8271C600F53F5F /* DatabaseKeys.swift */ = {isa = PBXFileReference; lastKnownFileType = sourcecode.swift; path = DatabaseKeys.swift; sourceTree = "<group>"; };
		9064AC0F2A82748D00F53F5F /* LoginViewModel.swift */ = {isa = PBXFileReference; lastKnownFileType = sourcecode.swift; path = LoginViewModel.swift; sourceTree = "<group>"; };
		9064AC112A8274B700F53F5F /* LoginViewController.swift */ = {isa = PBXFileReference; lastKnownFileType = sourcecode.swift; path = LoginViewController.swift; sourceTree = "<group>"; };
		9064AC132A8274D100F53F5F /* LoginCoordinator.swift */ = {isa = PBXFileReference; lastKnownFileType = sourcecode.swift; path = LoginCoordinator.swift; sourceTree = "<group>"; };
		9064AC152A82761D00F53F5F /* LoginCoordinatorAssembler.swift */ = {isa = PBXFileReference; lastKnownFileType = sourcecode.swift; path = LoginCoordinatorAssembler.swift; sourceTree = "<group>"; };
		9064AC192A82829400F53F5F /* CustomTextFieldData.swift */ = {isa = PBXFileReference; lastKnownFileType = sourcecode.swift; path = CustomTextFieldData.swift; sourceTree = "<group>"; };
		9064AC1B2A8282A000F53F5F /* CustomTextField.swift */ = {isa = PBXFileReference; lastKnownFileType = sourcecode.swift; path = CustomTextField.swift; sourceTree = "<group>"; };
		9064AC1E2A82844000F53F5F /* Colors.swift */ = {isa = PBXFileReference; lastKnownFileType = sourcecode.swift; path = Colors.swift; sourceTree = "<group>"; };
		9064AC212A828B2300F53F5F /* ImageHelper.swift */ = {isa = PBXFileReference; lastKnownFileType = sourcecode.swift; path = ImageHelper.swift; sourceTree = "<group>"; };
		9064AC2A2A82A58600F53F5F /* Roboto-Medium.ttf */ = {isa = PBXFileReference; lastKnownFileType = file; path = "Roboto-Medium.ttf"; sourceTree = "<group>"; };
		9064AC2B2A82A58600F53F5F /* Roboto-Bold.ttf */ = {isa = PBXFileReference; lastKnownFileType = file; path = "Roboto-Bold.ttf"; sourceTree = "<group>"; };
		9064AC302A82A58700F53F5F /* Roboto-Regular.ttf */ = {isa = PBXFileReference; lastKnownFileType = file; path = "Roboto-Regular.ttf"; sourceTree = "<group>"; };
		9064AC312A82A58700F53F5F /* Roboto-BoldItalic.ttf */ = {isa = PBXFileReference; lastKnownFileType = file; path = "Roboto-BoldItalic.ttf"; sourceTree = "<group>"; };
		9064AC422A82A62600F53F5F /* FontManager.swift */ = {isa = PBXFileReference; lastKnownFileType = sourcecode.swift; path = FontManager.swift; sourceTree = "<group>"; };
		9064AC482A82AACE00F53F5F /* en */ = {isa = PBXFileReference; lastKnownFileType = text.plist.strings; name = en; path = en.lproj/Localizable.strings; sourceTree = "<group>"; };
		9064AC4C2A82AB2700F53F5F /* Localizables.swift */ = {isa = PBXFileReference; lastKnownFileType = sourcecode.swift; path = Localizables.swift; sourceTree = "<group>"; };
		9064AC4F2A82C3EE00F53F5F /* ActionButton.swift */ = {isa = PBXFileReference; lastKnownFileType = sourcecode.swift; path = ActionButton.swift; sourceTree = "<group>"; };
		9064AC512A82C40000F53F5F /* ActionButtonData.swift */ = {isa = PBXFileReference; lastKnownFileType = sourcecode.swift; path = ActionButtonData.swift; sourceTree = "<group>"; };
		9064AC532A82C50C00F53F5F /* UIView+Extensions.swift */ = {isa = PBXFileReference; lastKnownFileType = sourcecode.swift; path = "UIView+Extensions.swift"; sourceTree = "<group>"; };
		9064AC582A82CF0700F53F5F /* BaseUseCase.swift */ = {isa = PBXFileReference; fileEncoding = 4; lastKnownFileType = sourcecode.swift; path = BaseUseCase.swift; sourceTree = "<group>"; };
		9064AC592A82CF0700F53F5F /* BaseUseCaseProtocol.swift */ = {isa = PBXFileReference; fileEncoding = 4; lastKnownFileType = sourcecode.swift; path = BaseUseCaseProtocol.swift; sourceTree = "<group>"; };
		9064AC5A2A82CF0700F53F5F /* SingleUseCase.swift */ = {isa = PBXFileReference; fileEncoding = 4; lastKnownFileType = sourcecode.swift; path = SingleUseCase.swift; sourceTree = "<group>"; };
		9064AC5C2A82CF0700F53F5F /* UseCaseCallBackProtocol.swift */ = {isa = PBXFileReference; fileEncoding = 4; lastKnownFileType = sourcecode.swift; path = UseCaseCallBackProtocol.swift; sourceTree = "<group>"; };
		9064AC5D2A82CF0700F53F5F /* UseCaseCallback.swift */ = {isa = PBXFileReference; fileEncoding = 4; lastKnownFileType = sourcecode.swift; path = UseCaseCallback.swift; sourceTree = "<group>"; };
		9064AC5F2A82CF0700F53F5F /* UseCaseListener.swift */ = {isa = PBXFileReference; fileEncoding = 4; lastKnownFileType = sourcecode.swift; path = UseCaseListener.swift; sourceTree = "<group>"; };
		9064AC692A82CF3A00F53F5F /* BaseApiRemote.swift */ = {isa = PBXFileReference; fileEncoding = 4; lastKnownFileType = sourcecode.swift; path = BaseApiRemote.swift; sourceTree = "<group>"; };
		9064AC6B2A82CF3A00F53F5F /* BaseRepository.swift */ = {isa = PBXFileReference; fileEncoding = 4; lastKnownFileType = sourcecode.swift; path = BaseRepository.swift; sourceTree = "<group>"; };
		9064AC6F2A82CF5C00F53F5F /* EndpointManager.swift */ = {isa = PBXFileReference; fileEncoding = 4; lastKnownFileType = sourcecode.swift; path = EndpointManager.swift; sourceTree = "<group>"; };
		9064AC752A82D04500F53F5F /* LoginUseCase.swift */ = {isa = PBXFileReference; lastKnownFileType = sourcecode.swift; path = LoginUseCase.swift; sourceTree = "<group>"; };
		9064AC772A82D06700F53F5F /* LoginResponse.swift */ = {isa = PBXFileReference; lastKnownFileType = sourcecode.swift; path = LoginResponse.swift; sourceTree = "<group>"; };
		9064AC7A2A82D0F700F53F5F /* LoginReposityoryProtocol.swift */ = {isa = PBXFileReference; lastKnownFileType = sourcecode.swift; path = LoginReposityoryProtocol.swift; sourceTree = "<group>"; };
		9064AC7F2A82D18500F53F5F /* LoginCallback.swift */ = {isa = PBXFileReference; lastKnownFileType = sourcecode.swift; path = LoginCallback.swift; sourceTree = "<group>"; };
		9064AC832A82D20100F53F5F /* LoginDataRemoteProtocol.swift */ = {isa = PBXFileReference; lastKnownFileType = sourcecode.swift; path = LoginDataRemoteProtocol.swift; sourceTree = "<group>"; };
		9064AC852A82D2A700F53F5F /* LoginServiceProviderManagerProtocol.swift */ = {isa = PBXFileReference; lastKnownFileType = sourcecode.swift; path = LoginServiceProviderManagerProtocol.swift; sourceTree = "<group>"; };
		9064AC882A82D2C900F53F5F /* LoginDataApiRemote.swift */ = {isa = PBXFileReference; lastKnownFileType = sourcecode.swift; path = LoginDataApiRemote.swift; sourceTree = "<group>"; };
		9064AC8B2A82D36600F53F5F /* LoginDataRepository.swift */ = {isa = PBXFileReference; lastKnownFileType = sourcecode.swift; path = LoginDataRepository.swift; sourceTree = "<group>"; };
		9064AC8E2A82D3C200F53F5F /* LoginServiceProvider.swift */ = {isa = PBXFileReference; lastKnownFileType = sourcecode.swift; path = LoginServiceProvider.swift; sourceTree = "<group>"; };
		9064AC902A82EC3A00F53F5F /* AuthenticationAssembler.swift */ = {isa = PBXFileReference; lastKnownFileType = sourcecode.swift; path = AuthenticationAssembler.swift; sourceTree = "<group>"; };
		9064AC922A82ED7000F53F5F /* NetworkAssembler.swift */ = {isa = PBXFileReference; lastKnownFileType = sourcecode.swift; path = NetworkAssembler.swift; sourceTree = "<group>"; };
		9064AC952A82ED9F00F53F5F /* AccessProviderManager.swift */ = {isa = PBXFileReference; lastKnownFileType = sourcecode.swift; path = AccessProviderManager.swift; sourceTree = "<group>"; };
		9064AC982A83B13200F53F5F /* FriendListViewModel.swift */ = {isa = PBXFileReference; lastKnownFileType = sourcecode.swift; path = FriendListViewModel.swift; sourceTree = "<group>"; };
		9064AC9A2A83B1BB00F53F5F /* FriendListViewController.swift */ = {isa = PBXFileReference; lastKnownFileType = sourcecode.swift; path = FriendListViewController.swift; sourceTree = "<group>"; };
		9064AC9C2A83B1FF00F53F5F /* FriendListCoordinator.swift */ = {isa = PBXFileReference; lastKnownFileType = sourcecode.swift; path = FriendListCoordinator.swift; sourceTree = "<group>"; };
		9064AC9E2A83B5D300F53F5F /* FriendListCoordinatorAssembler.swift */ = {isa = PBXFileReference; lastKnownFileType = sourcecode.swift; path = FriendListCoordinatorAssembler.swift; sourceTree = "<group>"; };
		9064ACA22A83B70100F53F5F /* FriendListResponse.swift */ = {isa = PBXFileReference; lastKnownFileType = sourcecode.swift; path = FriendListResponse.swift; sourceTree = "<group>"; };
		9064ACA42A83B8F900F53F5F /* FriendListRequest.swift */ = {isa = PBXFileReference; lastKnownFileType = sourcecode.swift; path = FriendListRequest.swift; sourceTree = "<group>"; };
		9064ACA62A83B91A00F53F5F /* FriendListCallback.swift */ = {isa = PBXFileReference; lastKnownFileType = sourcecode.swift; path = FriendListCallback.swift; sourceTree = "<group>"; };
		9064ACAA2A83B96900F53F5F /* FriendListRepositoryProtocol.swift */ = {isa = PBXFileReference; lastKnownFileType = sourcecode.swift; path = FriendListRepositoryProtocol.swift; sourceTree = "<group>"; };
		9064ACAD2A83B99B00F53F5F /* FriendListUseCase.swift */ = {isa = PBXFileReference; lastKnownFileType = sourcecode.swift; path = FriendListUseCase.swift; sourceTree = "<group>"; };
		9064ACB12A83BA5400F53F5F /* FriendListDataApiRemoteProtocol.swift */ = {isa = PBXFileReference; lastKnownFileType = sourcecode.swift; path = FriendListDataApiRemoteProtocol.swift; sourceTree = "<group>"; };
		9064ACB32A83BAED00F53F5F /* FriendListServiceProviderManagerProtocol.swift */ = {isa = PBXFileReference; lastKnownFileType = sourcecode.swift; path = FriendListServiceProviderManagerProtocol.swift; sourceTree = "<group>"; };
		9064ACB62A83BC0900F53F5F /* FriendListServiceProvider.swift */ = {isa = PBXFileReference; lastKnownFileType = sourcecode.swift; path = FriendListServiceProvider.swift; sourceTree = "<group>"; };
		9064ACB82A83BD4800F53F5F /* FriendListServiceProviderManager.swift */ = {isa = PBXFileReference; lastKnownFileType = sourcecode.swift; path = FriendListServiceProviderManager.swift; sourceTree = "<group>"; };
		9064ACBB2A83BD8000F53F5F /* FriendListDataRepository.swift */ = {isa = PBXFileReference; lastKnownFileType = sourcecode.swift; path = FriendListDataRepository.swift; sourceTree = "<group>"; };
		9064ACBD2A83BDD600F53F5F /* FriendListDataApiRemote.swift */ = {isa = PBXFileReference; lastKnownFileType = sourcecode.swift; path = FriendListDataApiRemote.swift; sourceTree = "<group>"; };
		9064ACC02A83BE7300F53F5F /* FriendListServiceAssembler.swift */ = {isa = PBXFileReference; lastKnownFileType = sourcecode.swift; path = FriendListServiceAssembler.swift; sourceTree = "<group>"; };
		9064ACC22A83C1CE00F53F5F /* FriendListDataFormatterProtocol.swift */ = {isa = PBXFileReference; lastKnownFileType = sourcecode.swift; path = FriendListDataFormatterProtocol.swift; sourceTree = "<group>"; };
		9064ACC52A83C1F200F53F5F /* PaginationInfo.swift */ = {isa = PBXFileReference; lastKnownFileType = sourcecode.swift; path = PaginationInfo.swift; sourceTree = "<group>"; };
		9064ACC72A83C27200F53F5F /* FriendListDataFormatter.swift */ = {isa = PBXFileReference; lastKnownFileType = sourcecode.swift; path = FriendListDataFormatter.swift; sourceTree = "<group>"; };
		9064ACC92A83C34900F53F5F /* CollectionState.swift */ = {isa = PBXFileReference; lastKnownFileType = sourcecode.swift; path = CollectionState.swift; sourceTree = "<group>"; };
		9064ACCC2A83C54400F53F5F /* FriendContentDisplayerViewData.swift */ = {isa = PBXFileReference; lastKnownFileType = sourcecode.swift; path = FriendContentDisplayerViewData.swift; sourceTree = "<group>"; };
		9064ACCF2A83C6AE00F53F5F /* FriendListCollectionComponentDelegate.swift */ = {isa = PBXFileReference; lastKnownFileType = sourcecode.swift; path = FriendListCollectionComponentDelegate.swift; sourceTree = "<group>"; };
		9064ACD12A83C8E000F53F5F /* FriendListCollectionComponentData.swift */ = {isa = PBXFileReference; lastKnownFileType = sourcecode.swift; path = FriendListCollectionComponentData.swift; sourceTree = "<group>"; };
		9064ACD32A83C8FA00F53F5F /* FriendListCollectionComponent.swift */ = {isa = PBXFileReference; lastKnownFileType = sourcecode.swift; path = FriendListCollectionComponent.swift; sourceTree = "<group>"; };
		9064ACD62A83C93E00F53F5F /* LoadingCell.swift */ = {isa = PBXFileReference; lastKnownFileType = sourcecode.swift; path = LoadingCell.swift; sourceTree = "<group>"; };
		9064ACD82A83C95200F53F5F /* BaseCollectionViewCell.swift */ = {isa = PBXFileReference; lastKnownFileType = sourcecode.swift; path = BaseCollectionViewCell.swift; sourceTree = "<group>"; };
		9064ACDA2A83C99F00F53F5F /* FriendContentDisplayerView.swift */ = {isa = PBXFileReference; lastKnownFileType = sourcecode.swift; path = FriendContentDisplayerView.swift; sourceTree = "<group>"; };
		9064ACDD2A83C9C500F53F5F /* FriendContentDisplayerCollectionViewCell.swift */ = {isa = PBXFileReference; lastKnownFileType = sourcecode.swift; path = FriendContentDisplayerCollectionViewCell.swift; sourceTree = "<group>"; };
		9064ACDF2A83C9E000F53F5F /* GenericCollectionViewCell.swift */ = {isa = PBXFileReference; lastKnownFileType = sourcecode.swift; path = GenericCollectionViewCell.swift; sourceTree = "<group>"; };
		9064ACE12A83CA3F00F53F5F /* UICollectionView+Extensions.swift */ = {isa = PBXFileReference; lastKnownFileType = sourcecode.swift; path = "UICollectionView+Extensions.swift"; sourceTree = "<group>"; };
		9064ACF02A83D06B00F53F5F /* ImageCacheManager.swift */ = {isa = PBXFileReference; lastKnownFileType = sourcecode.swift; path = ImageCacheManager.swift; sourceTree = "<group>"; };
		9064AD042A83D18100F53F5F /* LoadingType.swift */ = {isa = PBXFileReference; lastKnownFileType = sourcecode.swift; path = LoadingType.swift; sourceTree = "<group>"; };
		9064AD062A83D18E00F53F5F /* CustomImageViewComponent.swift */ = {isa = PBXFileReference; lastKnownFileType = sourcecode.swift; path = CustomImageViewComponent.swift; sourceTree = "<group>"; };
		9064AD082A83D1BB00F53F5F /* CustomImageViewComponentContainer.swift */ = {isa = PBXFileReference; lastKnownFileType = sourcecode.swift; path = CustomImageViewComponentContainer.swift; sourceTree = "<group>"; };
		9064AD0A2A83D1D800F53F5F /* CustomImageViewComponentData.swift */ = {isa = PBXFileReference; lastKnownFileType = sourcecode.swift; path = CustomImageViewComponentData.swift; sourceTree = "<group>"; };
		9064AD132A84121600F53F5F /* FriendDetailViewModel.swift */ = {isa = PBXFileReference; lastKnownFileType = sourcecode.swift; path = FriendDetailViewModel.swift; sourceTree = "<group>"; };
		9064AD152A84125A00F53F5F /* FriendDetailCoordinator.swift */ = {isa = PBXFileReference; lastKnownFileType = sourcecode.swift; path = FriendDetailCoordinator.swift; sourceTree = "<group>"; };
		9064AD172A84128000F53F5F /* FriendDetailViewController.swift */ = {isa = PBXFileReference; lastKnownFileType = sourcecode.swift; path = FriendDetailViewController.swift; sourceTree = "<group>"; };
		9064AD192A8413D200F53F5F /* FriendListRouter.swift */ = {isa = PBXFileReference; lastKnownFileType = sourcecode.swift; path = FriendListRouter.swift; sourceTree = "<group>"; };
		9064AD1B2A84151600F53F5F /* FriendDetailCoordinatorAssembler.swift */ = {isa = PBXFileReference; lastKnownFileType = sourcecode.swift; path = FriendDetailCoordinatorAssembler.swift; sourceTree = "<group>"; };
		9064AD1E2A84164A00F53F5F /* FriendDetailHeaderViewData.swift */ = {isa = PBXFileReference; lastKnownFileType = sourcecode.swift; path = FriendDetailHeaderViewData.swift; sourceTree = "<group>"; };
		9064AD202A84167C00F53F5F /* FriendDetailHeaderView.swift */ = {isa = PBXFileReference; lastKnownFileType = sourcecode.swift; path = FriendDetailHeaderView.swift; sourceTree = "<group>"; };
		9064AD222A8416C800F53F5F /* FriendDetailHeaderFlowLayout.swift */ = {isa = PBXFileReference; lastKnownFileType = sourcecode.swift; path = FriendDetailHeaderFlowLayout.swift; sourceTree = "<group>"; };
		9064AD242A84170D00F53F5F /* GenericUICollectionReusableView.swift */ = {isa = PBXFileReference; lastKnownFileType = sourcecode.swift; path = GenericUICollectionReusableView.swift; sourceTree = "<group>"; };
		9064AD262A84173600F53F5F /* BaseCollectionReusableView.swift */ = {isa = PBXFileReference; lastKnownFileType = sourcecode.swift; path = BaseCollectionReusableView.swift; sourceTree = "<group>"; };
		9064AD282A84176800F53F5F /* FriendDetailHeaderReusableView.swift */ = {isa = PBXFileReference; lastKnownFileType = sourcecode.swift; path = FriendDetailHeaderReusableView.swift; sourceTree = "<group>"; };
		9064AD2B2A8417DD00F53F5F /* FriendDetailViewData.swift */ = {isa = PBXFileReference; lastKnownFileType = sourcecode.swift; path = FriendDetailViewData.swift; sourceTree = "<group>"; };
		9064AD2D2A84183600F53F5F /* FriendDetailView.swift */ = {isa = PBXFileReference; lastKnownFileType = sourcecode.swift; path = FriendDetailView.swift; sourceTree = "<group>"; };
		9064AD302A841A0F00F53F5F /* FriendDetailInfoViewData.swift */ = {isa = PBXFileReference; lastKnownFileType = sourcecode.swift; path = FriendDetailInfoViewData.swift; sourceTree = "<group>"; };
		9064AD322A841A5300F53F5F /* FriendDetailInfoView.swift */ = {isa = PBXFileReference; lastKnownFileType = sourcecode.swift; path = FriendDetailInfoView.swift; sourceTree = "<group>"; };
/* End PBXFileReference section */

/* Begin PBXFrameworksBuildPhase section */
		90577C582A825F3400B8CE6C /* Frameworks */ = {
			isa = PBXFrameworksBuildPhase;
			buildActionMask = 2147483647;
			files = (
				906B858C2A82643B00DFBB99 /* RxSwift in Frameworks */,
				9064AC272A828CED00F53F5F /* SnapKit in Frameworks */,
				906B85812A8263F600DFBB99 /* RealmSwift in Frameworks */,
				906B858F2A82645600DFBB99 /* NetworkLayer in Frameworks */,
				906B857F2A8263F600DFBB99 /* Realm in Frameworks */,
				906B858A2A82643B00DFBB99 /* RxCocoa in Frameworks */,
				906B85842A82640B00DFBB99 /* SwinjectAutoregistration in Frameworks */,
				906B85872A82642400DFBB99 /* Swinject in Frameworks */,
			);
			runOnlyForDeploymentPostprocessing = 0;
		};
		90577C6E2A825F3500B8CE6C /* Frameworks */ = {
			isa = PBXFrameworksBuildPhase;
			buildActionMask = 2147483647;
			files = (
			);
			runOnlyForDeploymentPostprocessing = 0;
		};
		90577C782A825F3500B8CE6C /* Frameworks */ = {
			isa = PBXFrameworksBuildPhase;
			buildActionMask = 2147483647;
			files = (
			);
			runOnlyForDeploymentPostprocessing = 0;
		};
/* End PBXFrameworksBuildPhase section */

/* Begin PBXGroup section */
		90577C522A825F3400B8CE6C = {
			isa = PBXGroup;
			children = (
				90577C5D2A825F3400B8CE6C /* simpra-code-case */,
				90577C742A825F3500B8CE6C /* simpra-code-caseTests */,
				90577C7E2A825F3500B8CE6C /* simpra-code-caseUITests */,
				90577C5C2A825F3400B8CE6C /* Products */,
			);
			sourceTree = "<group>";
		};
		90577C5C2A825F3400B8CE6C /* Products */ = {
			isa = PBXGroup;
			children = (
				90577C5B2A825F3400B8CE6C /* simpra-code-case.app */,
				90577C712A825F3500B8CE6C /* simpra-code-caseTests.xctest */,
				90577C7B2A825F3500B8CE6C /* simpra-code-caseUITests.xctest */,
			);
			name = Products;
			sourceTree = "<group>";
		};
		90577C5D2A825F3400B8CE6C /* simpra-code-case */ = {
			isa = PBXGroup;
			children = (
				9064AC662A82CF1A00F53F5F /* DataLayer */,
				9064AC552A82CE4E00F53F5F /* DomainLayer */,
				9064ABCE2A8265F100F53F5F /* BaseModules */,
				9064AC172A82827200F53F5F /* Components */,
				9064AC072A82712900F53F5F /* Models */,
				9064ABE72A8268B000F53F5F /* Managers */,
				9064ABEA2A826B8300F53F5F /* Coordinators */,
				9064ABE32A82676500F53F5F /* Utilities */,
				9064AC282A82A56500F53F5F /* SupportingFiles */,
				90577C5E2A825F3400B8CE6C /* AppDelegate.swift */,
				90577C672A825F3500B8CE6C /* Assets.xcassets */,
				90577C692A825F3500B8CE6C /* LaunchScreen.storyboard */,
				90577C6C2A825F3500B8CE6C /* Info.plist */,
			);
			path = "simpra-code-case";
			sourceTree = "<group>";
		};
		90577C742A825F3500B8CE6C /* simpra-code-caseTests */ = {
			isa = PBXGroup;
			children = (
				90577C752A825F3500B8CE6C /* simpra_code_caseTests.swift */,
			);
			path = "simpra-code-caseTests";
			sourceTree = "<group>";
		};
		90577C7E2A825F3500B8CE6C /* simpra-code-caseUITests */ = {
			isa = PBXGroup;
			children = (
				90577C7F2A825F3500B8CE6C /* simpra_code_caseUITests.swift */,
				90577C812A825F3500B8CE6C /* simpra_code_caseUITestsLaunchTests.swift */,
			);
			path = "simpra-code-caseUITests";
			sourceTree = "<group>";
		};
		9064ABCE2A8265F100F53F5F /* BaseModules */ = {
			isa = PBXGroup;
			children = (
				9064ABDE2A8266FF00F53F5F /* Coordinator */,
				9064ABD82A8266A900F53F5F /* Views */,
				9064ABD92A8266AF00F53F5F /* Protocols */,
			);
			path = BaseModules;
			sourceTree = "<group>";
		};
		9064ABD82A8266A900F53F5F /* Views */ = {
			isa = PBXGroup;
			children = (
				9064ABD22A82661100F53F5F /* BaseView.swift */,
				9064ABD42A82662D00F53F5F /* BaseViewController.swift */,
				9064ABD62A82669200F53F5F /* GenericBaseView.swift */,
				9064ACD82A83C95200F53F5F /* BaseCollectionViewCell.swift */,
				9064AD262A84173600F53F5F /* BaseCollectionReusableView.swift */,
				9064ACDF2A83C9E000F53F5F /* GenericCollectionViewCell.swift */,
				9064AD242A84170D00F53F5F /* GenericUICollectionReusableView.swift */,
			);
			path = Views;
			sourceTree = "<group>";
		};
		9064ABD92A8266AF00F53F5F /* Protocols */ = {
			isa = PBXGroup;
			children = (
				9064ABDA2A8266BF00F53F5F /* BaseViewModelDelegate.swift */,
				9064ABDC2A8266DF00F53F5F /* GenericValueProtocol.swift */,
			);
			path = Protocols;
			sourceTree = "<group>";
		};
		9064ABDE2A8266FF00F53F5F /* Coordinator */ = {
			isa = PBXGroup;
			children = (
				9064ABDF2A82670700F53F5F /* BaseCoordinator.swift */,
				9064ABE12A82671E00F53F5F /* Coordinator.swift */,
			);
			path = Coordinator;
			sourceTree = "<group>";
		};
		9064ABE32A82676500F53F5F /* Utilities */ = {
			isa = PBXGroup;
			children = (
				9064AC0A2A8271BC00F53F5F /* AppConstants */,
				9064ACC42A83C1E900F53F5F /* CommonModules */,
				9064AC1D2A82842F00F53F5F /* ColorHelper */,
				9064AC202A828B1900F53F5F /* ImageHelper */,
				9064AC4A2A82AB0800F53F5F /* LocalizeHelper */,
				9064ABE42A82676B00F53F5F /* Extensions */,
				9064ABF52A826CCE00F53F5F /* ViewControllerUtils */,
			);
			path = Utilities;
			sourceTree = "<group>";
		};
		9064ABE42A82676B00F53F5F /* Extensions */ = {
			isa = PBXGroup;
			children = (
				9064ABE52A82677700F53F5F /* Assembler+Extensions.swift */,
				9064AC532A82C50C00F53F5F /* UIView+Extensions.swift */,
				9064ACE12A83CA3F00F53F5F /* UICollectionView+Extensions.swift */,
			);
			path = Extensions;
			sourceTree = "<group>";
		};
		9064ABE72A8268B000F53F5F /* Managers */ = {
			isa = PBXGroup;
			children = (
				9064AC942A82ED8F00F53F5F /* AccessProviderManager */,
				9064AC042A82710600F53F5F /* AuthenticationManager */,
				9064ABFA2A826DEC00F53F5F /* DatabaseManager */,
				9064ABFB2A826DF200F53F5F /* DependencyManager */,
				9064ACEF2A83D06100F53F5F /* ImageCacheManager */,
			);
			path = Managers;
			sourceTree = "<group>";
		};
		9064ABEA2A826B8300F53F5F /* Coordinators */ = {
			isa = PBXGroup;
			children = (
				9064ABF02A826C5300F53F5F /* AppCoordinator */,
				9064ABEB2A826B9E00F53F5F /* SplashCoordinator */,
				9064AC0D2A82747500F53F5F /* LoginCoordinator */,
				9064AC972A83B11B00F53F5F /* FriendListCoordinator */,
				9064AD112A83F16000F53F5F /* FriendDetailCoordinator */,
			);
			path = Coordinators;
			sourceTree = "<group>";
		};
		9064ABEB2A826B9E00F53F5F /* SplashCoordinator */ = {
			isa = PBXGroup;
			children = (
				9064ABF82A826D0000F53F5F /* SplashCoordinator.swift */,
				9064ABEE2A826BE400F53F5F /* SplashViewController.swift */,
				9064ABEC2A826BB400F53F5F /* SplashViewModel.swift */,
			);
			path = SplashCoordinator;
			sourceTree = "<group>";
		};
		9064ABF02A826C5300F53F5F /* AppCoordinator */ = {
			isa = PBXGroup;
			children = (
				9064ABF12A826C6600F53F5F /* AppCoordinator.swift */,
				9064ABF32A826C7300F53F5F /* AppViewModel.swift */,
			);
			path = AppCoordinator;
			sourceTree = "<group>";
		};
		9064ABF52A826CCE00F53F5F /* ViewControllerUtils */ = {
			isa = PBXGroup;
			children = (
				9064ABF62A826CE100F53F5F /* ViewControllerUtils.swift */,
			);
			path = ViewControllerUtils;
			sourceTree = "<group>";
		};
		9064ABFA2A826DEC00F53F5F /* DatabaseManager */ = {
			isa = PBXGroup;
			children = (
				9064ABE82A8268C600F53F5F /* DatabaseManager.swift */,
			);
			path = DatabaseManager;
			sourceTree = "<group>";
		};
		9064ABFB2A826DF200F53F5F /* DependencyManager */ = {
			isa = PBXGroup;
			children = (
				9064ABFC2A826E0700F53F5F /* Protocols */,
				9064ABFF2A826E1800F53F5F /* Assemblers */,
			);
			path = DependencyManager;
			sourceTree = "<group>";
		};
		9064ABFC2A826E0700F53F5F /* Protocols */ = {
			isa = PBXGroup;
			children = (
				9064ABFD2A826E0E00F53F5F /* AssemblerResolverDelegate.swift */,
			);
			path = Protocols;
			sourceTree = "<group>";
		};
		9064ABFF2A826E1800F53F5F /* Assemblers */ = {
			isa = PBXGroup;
			children = (
				9064AC002A826E2700F53F5F /* AppCoordinatorAssembler.swift */,
				9064AC022A826E3C00F53F5F /* SplashCoordinatorAssembler.swift */,
				9064AC152A82761D00F53F5F /* LoginCoordinatorAssembler.swift */,
				9064AC902A82EC3A00F53F5F /* AuthenticationAssembler.swift */,
				9064AC9E2A83B5D300F53F5F /* FriendListCoordinatorAssembler.swift */,
				9064ACC02A83BE7300F53F5F /* FriendListServiceAssembler.swift */,
				9064AD1B2A84151600F53F5F /* FriendDetailCoordinatorAssembler.swift */,
				9064AC922A82ED7000F53F5F /* NetworkAssembler.swift */,
			);
			path = Assemblers;
			sourceTree = "<group>";
		};
		9064AC042A82710600F53F5F /* AuthenticationManager */ = {
			isa = PBXGroup;
			children = (
				9064AC052A82711000F53F5F /* AuthenticationManager.swift */,
			);
			path = AuthenticationManager;
			sourceTree = "<group>";
		};
		9064AC072A82712900F53F5F /* Models */ = {
			isa = PBXGroup;
			children = (
				9064AC082A82713800F53F5F /* SavedArray.swift */,
			);
			path = Models;
			sourceTree = "<group>";
		};
		9064AC0A2A8271BC00F53F5F /* AppConstants */ = {
			isa = PBXGroup;
			children = (
				9064AC0B2A8271C600F53F5F /* DatabaseKeys.swift */,
			);
			path = AppConstants;
			sourceTree = "<group>";
		};
		9064AC0D2A82747500F53F5F /* LoginCoordinator */ = {
			isa = PBXGroup;
			children = (
				9064AC132A8274D100F53F5F /* LoginCoordinator.swift */,
				9064AC112A8274B700F53F5F /* LoginViewController.swift */,
				9064AC0F2A82748D00F53F5F /* LoginViewModel.swift */,
			);
			path = LoginCoordinator;
			sourceTree = "<group>";
		};
		9064AC172A82827200F53F5F /* Components */ = {
			isa = PBXGroup;
			children = (
				9064AC4E2A82C3E600F53F5F /* ActionButton */,
				9064AC182A82827800F53F5F /* CustomTextField */,
				9064ACFB2A83D0E100F53F5F /* CustomImageComponents */,
				9064ACD52A83C92F00F53F5F /* LoadingCell */,
				9064ACCB2A83C53300F53F5F /* FriendContentDisplayer */,
				9064ACCE2A83C68700F53F5F /* FriendListCollectionComponent */,
				9064AD1D2A84162A00F53F5F /* FriendDetailHeader */,
				9064AD2A2A8417CA00F53F5F /* FriendDetailView */,
				9064AD2F2A8419FE00F53F5F /* FriendDetailInfoView */,
			);
			path = Components;
			sourceTree = "<group>";
		};
		9064AC182A82827800F53F5F /* CustomTextField */ = {
			isa = PBXGroup;
			children = (
				9064AC1B2A8282A000F53F5F /* CustomTextField.swift */,
				9064AC192A82829400F53F5F /* CustomTextFieldData.swift */,
			);
			path = CustomTextField;
			sourceTree = "<group>";
		};
		9064AC1D2A82842F00F53F5F /* ColorHelper */ = {
			isa = PBXGroup;
			children = (
				9064AC1E2A82844000F53F5F /* Colors.swift */,
			);
			path = ColorHelper;
			sourceTree = "<group>";
		};
		9064AC202A828B1900F53F5F /* ImageHelper */ = {
			isa = PBXGroup;
			children = (
				9064AC212A828B2300F53F5F /* ImageHelper.swift */,
			);
			path = ImageHelper;
			sourceTree = "<group>";
		};
		9064AC282A82A56500F53F5F /* SupportingFiles */ = {
			isa = PBXGroup;
			children = (
				9064AC442A82AABA00F53F5F /* Resources */,
				9064AC292A82A57000F53F5F /* Fonts */,
			);
			path = SupportingFiles;
			sourceTree = "<group>";
		};
		9064AC292A82A57000F53F5F /* Fonts */ = {
			isa = PBXGroup;
			children = (
				9064AC2B2A82A58600F53F5F /* Roboto-Bold.ttf */,
				9064AC312A82A58700F53F5F /* Roboto-BoldItalic.ttf */,
				9064AC2A2A82A58600F53F5F /* Roboto-Medium.ttf */,
				9064AC302A82A58700F53F5F /* Roboto-Regular.ttf */,
				9064AC422A82A62600F53F5F /* FontManager.swift */,
			);
			path = Fonts;
			sourceTree = "<group>";
		};
		9064AC442A82AABA00F53F5F /* Resources */ = {
			isa = PBXGroup;
			children = (
				9064AC492A82AACE00F53F5F /* Localizable.strings */,
			);
			path = Resources;
			sourceTree = "<group>";
		};
		9064AC4A2A82AB0800F53F5F /* LocalizeHelper */ = {
			isa = PBXGroup;
			children = (
				9064AC4C2A82AB2700F53F5F /* Localizables.swift */,
			);
			path = LocalizeHelper;
			sourceTree = "<group>";
		};
		9064AC4E2A82C3E600F53F5F /* ActionButton */ = {
			isa = PBXGroup;
			children = (
				9064AC4F2A82C3EE00F53F5F /* ActionButton.swift */,
				9064AC512A82C40000F53F5F /* ActionButtonData.swift */,
			);
			path = ActionButton;
			sourceTree = "<group>";
		};
		9064AC552A82CE4E00F53F5F /* DomainLayer */ = {
			isa = PBXGroup;
			children = (
				9064AC562A82CF0700F53F5F /* BaseModules */,
				9064AC7C2A82D14D00F53F5F /* LoginOperations */,
				9064ACA02A83B6D900F53F5F /* FriendListOperations */,
			);
			path = DomainLayer;
			sourceTree = "<group>";
		};
		9064AC562A82CF0700F53F5F /* BaseModules */ = {
			isa = PBXGroup;
			children = (
				9064AC572A82CF0700F53F5F /* UseCaseModules */,
				9064AC5B2A82CF0700F53F5F /* BaseCallbackModules */,
				9064AC5E2A82CF0700F53F5F /* Listeners */,
			);
			name = BaseModules;
			path = "../../../cs-code-case/CSCodeCase/CSDomainLayer/BaseModules";
			sourceTree = "<group>";
		};
		9064AC572A82CF0700F53F5F /* UseCaseModules */ = {
			isa = PBXGroup;
			children = (
				9064AC582A82CF0700F53F5F /* BaseUseCase.swift */,
				9064AC592A82CF0700F53F5F /* BaseUseCaseProtocol.swift */,
				9064AC5A2A82CF0700F53F5F /* SingleUseCase.swift */,
			);
			path = UseCaseModules;
			sourceTree = "<group>";
		};
		9064AC5B2A82CF0700F53F5F /* BaseCallbackModules */ = {
			isa = PBXGroup;
			children = (
				9064AC5C2A82CF0700F53F5F /* UseCaseCallBackProtocol.swift */,
				9064AC5D2A82CF0700F53F5F /* UseCaseCallback.swift */,
			);
			path = BaseCallbackModules;
			sourceTree = "<group>";
		};
		9064AC5E2A82CF0700F53F5F /* Listeners */ = {
			isa = PBXGroup;
			children = (
				9064AC5F2A82CF0700F53F5F /* UseCaseListener.swift */,
			);
			path = Listeners;
			sourceTree = "<group>";
		};
		9064AC662A82CF1A00F53F5F /* DataLayer */ = {
			isa = PBXGroup;
			children = (
				9064AC672A82CF3A00F53F5F /* BaseModules */,
				9064AC812A82D1D400F53F5F /* LoginOperations */,
				9064ACAF2A83BA3700F53F5F /* FriendListOperations */,
				9064AC6E2A82CF5C00F53F5F /* Utilities */,
			);
			path = DataLayer;
			sourceTree = "<group>";
		};
		9064AC672A82CF3A00F53F5F /* BaseModules */ = {
			isa = PBXGroup;
			children = (
				9064AC682A82CF3A00F53F5F /* BaseApiRemote */,
				9064AC6A2A82CF3A00F53F5F /* BaseRepository */,
			);
			name = BaseModules;
			path = "../../../cs-code-case/CSCodeCase/CSDataLayer/BaseModules";
			sourceTree = "<group>";
		};
		9064AC682A82CF3A00F53F5F /* BaseApiRemote */ = {
			isa = PBXGroup;
			children = (
				9064AC692A82CF3A00F53F5F /* BaseApiRemote.swift */,
			);
			path = BaseApiRemote;
			sourceTree = "<group>";
		};
		9064AC6A2A82CF3A00F53F5F /* BaseRepository */ = {
			isa = PBXGroup;
			children = (
				9064AC6B2A82CF3A00F53F5F /* BaseRepository.swift */,
			);
			path = BaseRepository;
			sourceTree = "<group>";
		};
		9064AC6E2A82CF5C00F53F5F /* Utilities */ = {
			isa = PBXGroup;
			children = (
				9064AC6F2A82CF5C00F53F5F /* EndpointManager.swift */,
			);
			name = Utilities;
			path = "../../../cs-code-case/CSCodeCase/CSDataLayer/Utilities";
			sourceTree = "<group>";
		};
		9064AC742A82D03900F53F5F /* UseCases */ = {
			isa = PBXGroup;
			children = (
				9064AC752A82D04500F53F5F /* LoginUseCase.swift */,
			);
			path = UseCases;
			sourceTree = "<group>";
		};
		9064AC792A82D0E900F53F5F /* RepositoryProtocol */ = {
			isa = PBXGroup;
			children = (
				9064AC7A2A82D0F700F53F5F /* LoginReposityoryProtocol.swift */,
			);
			path = RepositoryProtocol;
			sourceTree = "<group>";
		};
		9064AC7C2A82D14D00F53F5F /* LoginOperations */ = {
			isa = PBXGroup;
			children = (
				9064AC7E2A82D17A00F53F5F /* Callbacks */,
				9064AC742A82D03900F53F5F /* UseCases */,
				9064AC7D2A82D16A00F53F5F /* Models */,
				9064AC792A82D0E900F53F5F /* RepositoryProtocol */,
			);
			path = LoginOperations;
			sourceTree = "<group>";
		};
		9064AC7D2A82D16A00F53F5F /* Models */ = {
			isa = PBXGroup;
			children = (
				9064AC772A82D06700F53F5F /* LoginResponse.swift */,
			);
			path = Models;
			sourceTree = "<group>";
		};
		9064AC7E2A82D17A00F53F5F /* Callbacks */ = {
			isa = PBXGroup;
			children = (
				9064AC7F2A82D18500F53F5F /* LoginCallback.swift */,
			);
			path = Callbacks;
			sourceTree = "<group>";
		};
		9064AC812A82D1D400F53F5F /* LoginOperations */ = {
			isa = PBXGroup;
			children = (
				9064AC822A82D1F400F53F5F /* Protocols */,
				9064AC872A82D2B300F53F5F /* ApiRemote */,
				9064AC8A2A82D34C00F53F5F /* Repository */,
				9064AC8D2A82D3AB00F53F5F /* ServiceProvider */,
			);
			path = LoginOperations;
			sourceTree = "<group>";
		};
		9064AC822A82D1F400F53F5F /* Protocols */ = {
			isa = PBXGroup;
			children = (
				9064AC832A82D20100F53F5F /* LoginDataRemoteProtocol.swift */,
				9064AC852A82D2A700F53F5F /* LoginServiceProviderManagerProtocol.swift */,
			);
			path = Protocols;
			sourceTree = "<group>";
		};
		9064AC872A82D2B300F53F5F /* ApiRemote */ = {
			isa = PBXGroup;
			children = (
				9064AC882A82D2C900F53F5F /* LoginDataApiRemote.swift */,
			);
			path = ApiRemote;
			sourceTree = "<group>";
		};
		9064AC8A2A82D34C00F53F5F /* Repository */ = {
			isa = PBXGroup;
			children = (
				9064AC8B2A82D36600F53F5F /* LoginDataRepository.swift */,
			);
			path = Repository;
			sourceTree = "<group>";
		};
		9064AC8D2A82D3AB00F53F5F /* ServiceProvider */ = {
			isa = PBXGroup;
			children = (
				9064AC8E2A82D3C200F53F5F /* LoginServiceProvider.swift */,
			);
			path = ServiceProvider;
			sourceTree = "<group>";
		};
		9064AC942A82ED8F00F53F5F /* AccessProviderManager */ = {
			isa = PBXGroup;
			children = (
				9064AC952A82ED9F00F53F5F /* AccessProviderManager.swift */,
			);
			path = AccessProviderManager;
			sourceTree = "<group>";
		};
		9064AC972A83B11B00F53F5F /* FriendListCoordinator */ = {
			isa = PBXGroup;
			children = (
				9064AC9C2A83B1FF00F53F5F /* FriendListCoordinator.swift */,
				9064AC9A2A83B1BB00F53F5F /* FriendListViewController.swift */,
				9064AC982A83B13200F53F5F /* FriendListViewModel.swift */,
				9064ACC72A83C27200F53F5F /* FriendListDataFormatter.swift */,
				9064ACC22A83C1CE00F53F5F /* FriendListDataFormatterProtocol.swift */,
				9064AD192A8413D200F53F5F /* FriendListRouter.swift */,
			);
			path = FriendListCoordinator;
			sourceTree = "<group>";
		};
		9064ACA02A83B6D900F53F5F /* FriendListOperations */ = {
			isa = PBXGroup;
			children = (
				9064ACA82A83B91E00F53F5F /* FriendListCallback */,
				9064ACAC2A83B98900F53F5F /* UseCases */,
				9064ACA12A83B6F900F53F5F /* Models */,
				9064ACA92A83B95A00F53F5F /* RepositoryProtocol */,
			);
			path = FriendListOperations;
			sourceTree = "<group>";
		};
		9064ACA12A83B6F900F53F5F /* Models */ = {
			isa = PBXGroup;
			children = (
				9064ACA42A83B8F900F53F5F /* FriendListRequest.swift */,
				9064ACA22A83B70100F53F5F /* FriendListResponse.swift */,
			);
			path = Models;
			sourceTree = "<group>";
		};
		9064ACA82A83B91E00F53F5F /* FriendListCallback */ = {
			isa = PBXGroup;
			children = (
				9064ACA62A83B91A00F53F5F /* FriendListCallback.swift */,
			);
			path = FriendListCallback;
			sourceTree = "<group>";
		};
		9064ACA92A83B95A00F53F5F /* RepositoryProtocol */ = {
			isa = PBXGroup;
			children = (
				9064ACAA2A83B96900F53F5F /* FriendListRepositoryProtocol.swift */,
			);
			path = RepositoryProtocol;
			sourceTree = "<group>";
		};
		9064ACAC2A83B98900F53F5F /* UseCases */ = {
			isa = PBXGroup;
			children = (
				9064ACAD2A83B99B00F53F5F /* FriendListUseCase.swift */,
			);
			path = UseCases;
			sourceTree = "<group>";
		};
		9064ACAF2A83BA3700F53F5F /* FriendListOperations */ = {
			isa = PBXGroup;
			children = (
				9064ACB02A83BA4600F53F5F /* Protocols */,
				9064ACBF2A83BDD900F53F5F /* ApiRemote */,
				9064ACBA2A83BD7000F53F5F /* Repository */,
				9064ACB52A83BB0000F53F5F /* ServiceProviders */,
			);
			path = FriendListOperations;
			sourceTree = "<group>";
		};
		9064ACB02A83BA4600F53F5F /* Protocols */ = {
			isa = PBXGroup;
			children = (
				9064ACB12A83BA5400F53F5F /* FriendListDataApiRemoteProtocol.swift */,
				9064ACB32A83BAED00F53F5F /* FriendListServiceProviderManagerProtocol.swift */,
			);
			path = Protocols;
			sourceTree = "<group>";
		};
		9064ACB52A83BB0000F53F5F /* ServiceProviders */ = {
			isa = PBXGroup;
			children = (
				9064ACB82A83BD4800F53F5F /* FriendListServiceProviderManager.swift */,
				9064ACB62A83BC0900F53F5F /* FriendListServiceProvider.swift */,
			);
			path = ServiceProviders;
			sourceTree = "<group>";
		};
		9064ACBA2A83BD7000F53F5F /* Repository */ = {
			isa = PBXGroup;
			children = (
				9064ACBB2A83BD8000F53F5F /* FriendListDataRepository.swift */,
			);
			path = Repository;
			sourceTree = "<group>";
		};
		9064ACBF2A83BDD900F53F5F /* ApiRemote */ = {
			isa = PBXGroup;
			children = (
				9064ACBD2A83BDD600F53F5F /* FriendListDataApiRemote.swift */,
			);
			path = ApiRemote;
			sourceTree = "<group>";
		};
		9064ACC42A83C1E900F53F5F /* CommonModules */ = {
			isa = PBXGroup;
			children = (
				9064ACC52A83C1F200F53F5F /* PaginationInfo.swift */,
				9064ACC92A83C34900F53F5F /* CollectionState.swift */,
			);
			path = CommonModules;
			sourceTree = "<group>";
		};
		9064ACCB2A83C53300F53F5F /* FriendContentDisplayer */ = {
			isa = PBXGroup;
			children = (
				9064ACDA2A83C99F00F53F5F /* FriendContentDisplayerView.swift */,
				9064ACCC2A83C54400F53F5F /* FriendContentDisplayerViewData.swift */,
			);
			path = FriendContentDisplayer;
			sourceTree = "<group>";
		};
		9064ACCE2A83C68700F53F5F /* FriendListCollectionComponent */ = {
			isa = PBXGroup;
			children = (
				9064ACDC2A83C9B400F53F5F /* CellComponents */,
				9064ACD32A83C8FA00F53F5F /* FriendListCollectionComponent.swift */,
				9064ACCF2A83C6AE00F53F5F /* FriendListCollectionComponentDelegate.swift */,
				9064ACD12A83C8E000F53F5F /* FriendListCollectionComponentData.swift */,
			);
			path = FriendListCollectionComponent;
			sourceTree = "<group>";
		};
		9064ACD52A83C92F00F53F5F /* LoadingCell */ = {
			isa = PBXGroup;
			children = (
				9064ACD62A83C93E00F53F5F /* LoadingCell.swift */,
			);
			path = LoadingCell;
			sourceTree = "<group>";
		};
		9064ACDC2A83C9B400F53F5F /* CellComponents */ = {
			isa = PBXGroup;
			children = (
				9064ACDD2A83C9C500F53F5F /* FriendContentDisplayerCollectionViewCell.swift */,
			);
			path = CellComponents;
			sourceTree = "<group>";
		};
		9064ACEF2A83D06100F53F5F /* ImageCacheManager */ = {
			isa = PBXGroup;
			children = (
				9064ACF02A83D06B00F53F5F /* ImageCacheManager.swift */,
			);
			path = ImageCacheManager;
			sourceTree = "<group>";
		};
		9064ACFB2A83D0E100F53F5F /* CustomImageComponents */ = {
			isa = PBXGroup;
			children = (
				9064AD042A83D18100F53F5F /* LoadingType.swift */,
				9064AD062A83D18E00F53F5F /* CustomImageViewComponent.swift */,
				9064AD082A83D1BB00F53F5F /* CustomImageViewComponentContainer.swift */,
				9064AD0A2A83D1D800F53F5F /* CustomImageViewComponentData.swift */,
			);
			path = CustomImageComponents;
			sourceTree = "<group>";
		};
		9064AD112A83F16000F53F5F /* FriendDetailCoordinator */ = {
			isa = PBXGroup;
			children = (
				9064AD152A84125A00F53F5F /* FriendDetailCoordinator.swift */,
				9064AD172A84128000F53F5F /* FriendDetailViewController.swift */,
				9064AD132A84121600F53F5F /* FriendDetailViewModel.swift */,
			);
			path = FriendDetailCoordinator;
			sourceTree = "<group>";
		};
		9064AD1D2A84162A00F53F5F /* FriendDetailHeader */ = {
			isa = PBXGroup;
			children = (
				9064AD202A84167C00F53F5F /* FriendDetailHeaderView.swift */,
				9064AD1E2A84164A00F53F5F /* FriendDetailHeaderViewData.swift */,
				9064AD222A8416C800F53F5F /* FriendDetailHeaderFlowLayout.swift */,
				9064AD282A84176800F53F5F /* FriendDetailHeaderReusableView.swift */,
			);
			path = FriendDetailHeader;
			sourceTree = "<group>";
		};
		9064AD2A2A8417CA00F53F5F /* FriendDetailView */ = {
			isa = PBXGroup;
			children = (
				9064AD2D2A84183600F53F5F /* FriendDetailView.swift */,
				9064AD2B2A8417DD00F53F5F /* FriendDetailViewData.swift */,
			);
			path = FriendDetailView;
			sourceTree = "<group>";
		};
		9064AD2F2A8419FE00F53F5F /* FriendDetailInfoView */ = {
			isa = PBXGroup;
			children = (
				9064AD322A841A5300F53F5F /* FriendDetailInfoView.swift */,
				9064AD302A841A0F00F53F5F /* FriendDetailInfoViewData.swift */,
			);
			path = FriendDetailInfoView;
			sourceTree = "<group>";
		};
/* End PBXGroup section */

/* Begin PBXNativeTarget section */
		90577C5A2A825F3400B8CE6C /* simpra-code-case */ = {
			isa = PBXNativeTarget;
			buildConfigurationList = 90577C852A825F3500B8CE6C /* Build configuration list for PBXNativeTarget "simpra-code-case" */;
			buildPhases = (
				90577C572A825F3400B8CE6C /* Sources */,
				90577C582A825F3400B8CE6C /* Frameworks */,
				90577C592A825F3400B8CE6C /* Resources */,
			);
			buildRules = (
			);
			dependencies = (
			);
			name = "simpra-code-case";
			packageProductDependencies = (
				906B857E2A8263F600DFBB99 /* Realm */,
				906B85802A8263F600DFBB99 /* RealmSwift */,
				906B85832A82640B00DFBB99 /* SwinjectAutoregistration */,
				906B85862A82642400DFBB99 /* Swinject */,
				906B85892A82643B00DFBB99 /* RxCocoa */,
				906B858B2A82643B00DFBB99 /* RxSwift */,
				906B858E2A82645600DFBB99 /* NetworkLayer */,
				9064AC262A828CED00F53F5F /* SnapKit */,
			);
			productName = "simpra-code-case";
			productReference = 90577C5B2A825F3400B8CE6C /* simpra-code-case.app */;
			productType = "com.apple.product-type.application";
		};
		90577C702A825F3500B8CE6C /* simpra-code-caseTests */ = {
			isa = PBXNativeTarget;
			buildConfigurationList = 90577C882A825F3500B8CE6C /* Build configuration list for PBXNativeTarget "simpra-code-caseTests" */;
			buildPhases = (
				90577C6D2A825F3500B8CE6C /* Sources */,
				90577C6E2A825F3500B8CE6C /* Frameworks */,
				90577C6F2A825F3500B8CE6C /* Resources */,
			);
			buildRules = (
			);
			dependencies = (
				90577C732A825F3500B8CE6C /* PBXTargetDependency */,
			);
			name = "simpra-code-caseTests";
			productName = "simpra-code-caseTests";
			productReference = 90577C712A825F3500B8CE6C /* simpra-code-caseTests.xctest */;
			productType = "com.apple.product-type.bundle.unit-test";
		};
		90577C7A2A825F3500B8CE6C /* simpra-code-caseUITests */ = {
			isa = PBXNativeTarget;
			buildConfigurationList = 90577C8B2A825F3500B8CE6C /* Build configuration list for PBXNativeTarget "simpra-code-caseUITests" */;
			buildPhases = (
				90577C772A825F3500B8CE6C /* Sources */,
				90577C782A825F3500B8CE6C /* Frameworks */,
				90577C792A825F3500B8CE6C /* Resources */,
			);
			buildRules = (
			);
			dependencies = (
				90577C7D2A825F3500B8CE6C /* PBXTargetDependency */,
			);
			name = "simpra-code-caseUITests";
			productName = "simpra-code-caseUITests";
			productReference = 90577C7B2A825F3500B8CE6C /* simpra-code-caseUITests.xctest */;
			productType = "com.apple.product-type.bundle.ui-testing";
		};
/* End PBXNativeTarget section */

/* Begin PBXProject section */
		90577C532A825F3400B8CE6C /* Project object */ = {
			isa = PBXProject;
			attributes = {
				BuildIndependentTargetsInParallel = 1;
				LastSwiftUpdateCheck = 1340;
				LastUpgradeCheck = 1340;
				TargetAttributes = {
					90577C5A2A825F3400B8CE6C = {
						CreatedOnToolsVersion = 13.4;
					};
					90577C702A825F3500B8CE6C = {
						CreatedOnToolsVersion = 13.4;
						TestTargetID = 90577C5A2A825F3400B8CE6C;
					};
					90577C7A2A825F3500B8CE6C = {
						CreatedOnToolsVersion = 13.4;
						TestTargetID = 90577C5A2A825F3400B8CE6C;
					};
				};
			};
			buildConfigurationList = 90577C562A825F3400B8CE6C /* Build configuration list for PBXProject "simpra-code-case" */;
			compatibilityVersion = "Xcode 13.0";
			developmentRegion = en;
			hasScannedForEncodings = 0;
			knownRegions = (
				en,
				Base,
			);
			mainGroup = 90577C522A825F3400B8CE6C;
			packageReferences = (
				906B857D2A8263F600DFBB99 /* XCRemoteSwiftPackageReference "realm-swift" */,
				906B85822A82640B00DFBB99 /* XCRemoteSwiftPackageReference "SwinjectAutoregistration" */,
				906B85852A82642400DFBB99 /* XCRemoteSwiftPackageReference "Swinject" */,
				906B85882A82643B00DFBB99 /* XCRemoteSwiftPackageReference "RxSwift" */,
				906B858D2A82645600DFBB99 /* XCRemoteSwiftPackageReference "NetworkLayer" */,
				9064AC252A828CED00F53F5F /* XCRemoteSwiftPackageReference "SnapKit" */,
			);
			productRefGroup = 90577C5C2A825F3400B8CE6C /* Products */;
			projectDirPath = "";
			projectRoot = "";
			targets = (
				90577C5A2A825F3400B8CE6C /* simpra-code-case */,
				90577C702A825F3500B8CE6C /* simpra-code-caseTests */,
				90577C7A2A825F3500B8CE6C /* simpra-code-caseUITests */,
			);
		};
/* End PBXProject section */

/* Begin PBXResourcesBuildPhase section */
		90577C592A825F3400B8CE6C /* Resources */ = {
			isa = PBXResourcesBuildPhase;
			buildActionMask = 2147483647;
			files = (
				90577C6B2A825F3500B8CE6C /* LaunchScreen.storyboard in Resources */,
				90577C682A825F3500B8CE6C /* Assets.xcassets in Resources */,
				9064AC3C2A82A58700F53F5F /* Roboto-Regular.ttf in Resources */,
				9064AC472A82AACE00F53F5F /* Localizable.strings in Resources */,
				9064AC372A82A58700F53F5F /* Roboto-Bold.ttf in Resources */,
				9064AC3D2A82A58700F53F5F /* Roboto-BoldItalic.ttf in Resources */,
				9064AC362A82A58700F53F5F /* Roboto-Medium.ttf in Resources */,
			);
			runOnlyForDeploymentPostprocessing = 0;
		};
		90577C6F2A825F3500B8CE6C /* Resources */ = {
			isa = PBXResourcesBuildPhase;
			buildActionMask = 2147483647;
			files = (
			);
			runOnlyForDeploymentPostprocessing = 0;
		};
		90577C792A825F3500B8CE6C /* Resources */ = {
			isa = PBXResourcesBuildPhase;
			buildActionMask = 2147483647;
			files = (
			);
			runOnlyForDeploymentPostprocessing = 0;
		};
/* End PBXResourcesBuildPhase section */

/* Begin PBXSourcesBuildPhase section */
		90577C572A825F3400B8CE6C /* Sources */ = {
			isa = PBXSourcesBuildPhase;
			buildActionMask = 2147483647;
			files = (
				9064ACDE2A83C9C500F53F5F /* FriendContentDisplayerCollectionViewCell.swift in Sources */,
				9064AC1C2A8282A000F53F5F /* CustomTextField.swift in Sources */,
				9064AC9F2A83B5D300F53F5F /* FriendListCoordinatorAssembler.swift in Sources */,
				9064ACBE2A83BDD600F53F5F /* FriendListDataApiRemote.swift in Sources */,
				9064AD052A83D18100F53F5F /* LoadingType.swift in Sources */,
				9064ACDB2A83C99F00F53F5F /* FriendContentDisplayerView.swift in Sources */,
				9064AC522A82C40000F53F5F /* ActionButtonData.swift in Sources */,
				9064AC782A82D06700F53F5F /* LoginResponse.swift in Sources */,
				9064AC8C2A82D36600F53F5F /* LoginDataRepository.swift in Sources */,
				9064AD2C2A8417DD00F53F5F /* FriendDetailViewData.swift in Sources */,
				9064AC9B2A83B1BB00F53F5F /* FriendListViewController.swift in Sources */,
				9064AC102A82748D00F53F5F /* LoginViewModel.swift in Sources */,
				9064AD292A84176800F53F5F /* FriendDetailHeaderReusableView.swift in Sources */,
				9064AC4D2A82AB2700F53F5F /* Localizables.swift in Sources */,
				9064ACD42A83C8FA00F53F5F /* FriendListCollectionComponent.swift in Sources */,
				9064AC962A82ED9F00F53F5F /* AccessProviderManager.swift in Sources */,
				9064ABE22A82671E00F53F5F /* Coordinator.swift in Sources */,
				9064ABF92A826D0000F53F5F /* SplashCoordinator.swift in Sources */,
				9064AC6D2A82CF3A00F53F5F /* BaseRepository.swift in Sources */,
				9064AD142A84121600F53F5F /* FriendDetailViewModel.swift in Sources */,
				9064AD092A83D1BB00F53F5F /* CustomImageViewComponentContainer.swift in Sources */,
				9064AC862A82D2A700F53F5F /* LoginServiceProviderManagerProtocol.swift in Sources */,
				9064ACD22A83C8E000F53F5F /* FriendListCollectionComponentData.swift in Sources */,
				9064AD2E2A84183600F53F5F /* FriendDetailView.swift in Sources */,
				9064AD252A84170D00F53F5F /* GenericUICollectionReusableView.swift in Sources */,
				9064ACE02A83C9E000F53F5F /* GenericCollectionViewCell.swift in Sources */,
				90577C5F2A825F3400B8CE6C /* AppDelegate.swift in Sources */,
				9064ACCD2A83C54400F53F5F /* FriendContentDisplayerViewData.swift in Sources */,
				9064ACB72A83BC0900F53F5F /* FriendListServiceProvider.swift in Sources */,
				9064AD1F2A84164A00F53F5F /* FriendDetailHeaderViewData.swift in Sources */,
				9064ACE22A83CA4000F53F5F /* UICollectionView+Extensions.swift in Sources */,
				9064AC702A82CF5C00F53F5F /* EndpointManager.swift in Sources */,
				9064ACAB2A83B96900F53F5F /* FriendListRepositoryProtocol.swift in Sources */,
				9064AC542A82C50C00F53F5F /* UIView+Extensions.swift in Sources */,
				9064ABF42A826C7300F53F5F /* AppViewModel.swift in Sources */,
				9064ACC12A83BE7300F53F5F /* FriendListServiceAssembler.swift in Sources */,
				9064ACC82A83C27200F53F5F /* FriendListDataFormatter.swift in Sources */,
				9064AC7B2A82D0F700F53F5F /* LoginReposityoryProtocol.swift in Sources */,
				9064AC092A82713800F53F5F /* SavedArray.swift in Sources */,
				9064AC992A83B13200F53F5F /* FriendListViewModel.swift in Sources */,
				9064ABF22A826C6600F53F5F /* AppCoordinator.swift in Sources */,
				9064AC012A826E2700F53F5F /* AppCoordinatorAssembler.swift in Sources */,
				9064AC932A82ED7000F53F5F /* NetworkAssembler.swift in Sources */,
				9064AD072A83D18E00F53F5F /* CustomImageViewComponent.swift in Sources */,
				9064ACC32A83C1CE00F53F5F /* FriendListDataFormatterProtocol.swift in Sources */,
				9064ABE92A8268C600F53F5F /* DatabaseManager.swift in Sources */,
				9064AD272A84173600F53F5F /* BaseCollectionReusableView.swift in Sources */,
				9064ABEF2A826BE400F53F5F /* SplashViewController.swift in Sources */,
				9064AC222A828B2300F53F5F /* ImageHelper.swift in Sources */,
				9064AC162A82761D00F53F5F /* LoginCoordinatorAssembler.swift in Sources */,
				9064ACCA2A83C34900F53F5F /* CollectionState.swift in Sources */,
				9064ACBC2A83BD8000F53F5F /* FriendListDataRepository.swift in Sources */,
				9064AD1C2A84151700F53F5F /* FriendDetailCoordinatorAssembler.swift in Sources */,
				9064AC802A82D18500F53F5F /* LoginCallback.swift in Sources */,
				9064AC502A82C3EE00F53F5F /* ActionButton.swift in Sources */,
				9064ABD32A82661100F53F5F /* BaseView.swift in Sources */,
				9064ABED2A826BB400F53F5F /* SplashViewModel.swift in Sources */,
				9064ACD72A83C93E00F53F5F /* LoadingCell.swift in Sources */,
				9064AC122A8274B700F53F5F /* LoginViewController.swift in Sources */,
				9064ACB42A83BAED00F53F5F /* FriendListServiceProviderManagerProtocol.swift in Sources */,
				9064ACD92A83C95200F53F5F /* BaseCollectionViewCell.swift in Sources */,
				9064AD182A84128000F53F5F /* FriendDetailViewController.swift in Sources */,
				9064ACA32A83B70100F53F5F /* FriendListResponse.swift in Sources */,
				9064AC602A82CF0700F53F5F /* BaseUseCase.swift in Sources */,
				9064ABE62A82677700F53F5F /* Assembler+Extensions.swift in Sources */,
				9064AC642A82CF0700F53F5F /* UseCaseCallback.swift in Sources */,
				9064AD312A841A0F00F53F5F /* FriendDetailInfoViewData.swift in Sources */,
				9064AD332A841A5300F53F5F /* FriendDetailInfoView.swift in Sources */,
				9064AC6C2A82CF3A00F53F5F /* BaseApiRemote.swift in Sources */,
				9064AD212A84167C00F53F5F /* FriendDetailHeaderView.swift in Sources */,
				9064ACB92A83BD4800F53F5F /* FriendListServiceProviderManager.swift in Sources */,
				9064ACA52A83B8F900F53F5F /* FriendListRequest.swift in Sources */,
				9064ABD52A82662D00F53F5F /* BaseViewController.swift in Sources */,
				9064ABD72A82669200F53F5F /* GenericBaseView.swift in Sources */,
				9064AD0B2A83D1D800F53F5F /* CustomImageViewComponentData.swift in Sources */,
				9064AC652A82CF0700F53F5F /* UseCaseListener.swift in Sources */,
				9064ACB22A83BA5400F53F5F /* FriendListDataApiRemoteProtocol.swift in Sources */,
				9064AC062A82711000F53F5F /* AuthenticationManager.swift in Sources */,
				9064ACA72A83B91A00F53F5F /* FriendListCallback.swift in Sources */,
				9064AC142A8274D100F53F5F /* LoginCoordinator.swift in Sources */,
				9064AC1F2A82844000F53F5F /* Colors.swift in Sources */,
				9064ACAE2A83B99B00F53F5F /* FriendListUseCase.swift in Sources */,
				9064AC432A82A62600F53F5F /* FontManager.swift in Sources */,
				9064AC912A82EC3A00F53F5F /* AuthenticationAssembler.swift in Sources */,
				9064AC9D2A83B1FF00F53F5F /* FriendListCoordinator.swift in Sources */,
				9064AC842A82D20100F53F5F /* LoginDataRemoteProtocol.swift in Sources */,
				9064AC032A826E3C00F53F5F /* SplashCoordinatorAssembler.swift in Sources */,
				9064AC8F2A82D3C200F53F5F /* LoginServiceProvider.swift in Sources */,
				9064AC0C2A8271C600F53F5F /* DatabaseKeys.swift in Sources */,
				9064ABE02A82670700F53F5F /* BaseCoordinator.swift in Sources */,
				9064AC612A82CF0700F53F5F /* BaseUseCaseProtocol.swift in Sources */,
				9064AC1A2A82829400F53F5F /* CustomTextFieldData.swift in Sources */,
				9064AC622A82CF0700F53F5F /* SingleUseCase.swift in Sources */,
				9064ACF12A83D06B00F53F5F /* ImageCacheManager.swift in Sources */,
				9064ABDB2A8266BF00F53F5F /* BaseViewModelDelegate.swift in Sources */,
				9064ACC62A83C1F200F53F5F /* PaginationInfo.swift in Sources */,
				9064AD162A84125A00F53F5F /* FriendDetailCoordinator.swift in Sources */,
				9064ABDD2A8266DF00F53F5F /* GenericValueProtocol.swift in Sources */,
				9064ABF72A826CE100F53F5F /* ViewControllerUtils.swift in Sources */,
				9064ABFE2A826E0E00F53F5F /* AssemblerResolverDelegate.swift in Sources */,
				9064AD1A2A8413D200F53F5F /* FriendListRouter.swift in Sources */,
				9064AC632A82CF0700F53F5F /* UseCaseCallBackProtocol.swift in Sources */,
				9064AD232A8416C800F53F5F /* FriendDetailHeaderFlowLayout.swift in Sources */,
				9064AC762A82D04500F53F5F /* LoginUseCase.swift in Sources */,
				9064ACD02A83C6AE00F53F5F /* FriendListCollectionComponentDelegate.swift in Sources */,
				9064AC892A82D2C900F53F5F /* LoginDataApiRemote.swift in Sources */,
			);
			runOnlyForDeploymentPostprocessing = 0;
		};
		90577C6D2A825F3500B8CE6C /* Sources */ = {
			isa = PBXSourcesBuildPhase;
			buildActionMask = 2147483647;
			files = (
				90577C762A825F3500B8CE6C /* simpra_code_caseTests.swift in Sources */,
			);
			runOnlyForDeploymentPostprocessing = 0;
		};
		90577C772A825F3500B8CE6C /* Sources */ = {
			isa = PBXSourcesBuildPhase;
			buildActionMask = 2147483647;
			files = (
				90577C802A825F3500B8CE6C /* simpra_code_caseUITests.swift in Sources */,
				90577C822A825F3500B8CE6C /* simpra_code_caseUITestsLaunchTests.swift in Sources */,
			);
			runOnlyForDeploymentPostprocessing = 0;
		};
/* End PBXSourcesBuildPhase section */

/* Begin PBXTargetDependency section */
		90577C732A825F3500B8CE6C /* PBXTargetDependency */ = {
			isa = PBXTargetDependency;
			target = 90577C5A2A825F3400B8CE6C /* simpra-code-case */;
			targetProxy = 90577C722A825F3500B8CE6C /* PBXContainerItemProxy */;
		};
		90577C7D2A825F3500B8CE6C /* PBXTargetDependency */ = {
			isa = PBXTargetDependency;
			target = 90577C5A2A825F3400B8CE6C /* simpra-code-case */;
			targetProxy = 90577C7C2A825F3500B8CE6C /* PBXContainerItemProxy */;
		};
/* End PBXTargetDependency section */

/* Begin PBXVariantGroup section */
		90577C692A825F3500B8CE6C /* LaunchScreen.storyboard */ = {
			isa = PBXVariantGroup;
			children = (
				90577C6A2A825F3500B8CE6C /* Base */,
			);
			name = LaunchScreen.storyboard;
			sourceTree = "<group>";
		};
		9064AC492A82AACE00F53F5F /* Localizable.strings */ = {
			isa = PBXVariantGroup;
			children = (
				9064AC482A82AACE00F53F5F /* en */,
			);
			name = Localizable.strings;
			sourceTree = "<group>";
		};
/* End PBXVariantGroup section */

/* Begin XCBuildConfiguration section */
		90577C832A825F3500B8CE6C /* Debug */ = {
			isa = XCBuildConfiguration;
			buildSettings = {
				ALWAYS_SEARCH_USER_PATHS = NO;
				CLANG_ANALYZER_NONNULL = YES;
				CLANG_ANALYZER_NUMBER_OBJECT_CONVERSION = YES_AGGRESSIVE;
				CLANG_CXX_LANGUAGE_STANDARD = "gnu++17";
				CLANG_ENABLE_MODULES = YES;
				CLANG_ENABLE_OBJC_ARC = YES;
				CLANG_ENABLE_OBJC_WEAK = YES;
				CLANG_WARN_BLOCK_CAPTURE_AUTORELEASING = YES;
				CLANG_WARN_BOOL_CONVERSION = YES;
				CLANG_WARN_COMMA = YES;
				CLANG_WARN_CONSTANT_CONVERSION = YES;
				CLANG_WARN_DEPRECATED_OBJC_IMPLEMENTATIONS = YES;
				CLANG_WARN_DIRECT_OBJC_ISA_USAGE = YES_ERROR;
				CLANG_WARN_DOCUMENTATION_COMMENTS = YES;
				CLANG_WARN_EMPTY_BODY = YES;
				CLANG_WARN_ENUM_CONVERSION = YES;
				CLANG_WARN_INFINITE_RECURSION = YES;
				CLANG_WARN_INT_CONVERSION = YES;
				CLANG_WARN_NON_LITERAL_NULL_CONVERSION = YES;
				CLANG_WARN_OBJC_IMPLICIT_RETAIN_SELF = YES;
				CLANG_WARN_OBJC_LITERAL_CONVERSION = YES;
				CLANG_WARN_OBJC_ROOT_CLASS = YES_ERROR;
				CLANG_WARN_QUOTED_INCLUDE_IN_FRAMEWORK_HEADER = YES;
				CLANG_WARN_RANGE_LOOP_ANALYSIS = YES;
				CLANG_WARN_STRICT_PROTOTYPES = YES;
				CLANG_WARN_SUSPICIOUS_MOVE = YES;
				CLANG_WARN_UNGUARDED_AVAILABILITY = YES_AGGRESSIVE;
				CLANG_WARN_UNREACHABLE_CODE = YES;
				CLANG_WARN__DUPLICATE_METHOD_MATCH = YES;
				COPY_PHASE_STRIP = NO;
				DEBUG_INFORMATION_FORMAT = dwarf;
				ENABLE_STRICT_OBJC_MSGSEND = YES;
				ENABLE_TESTABILITY = YES;
				GCC_C_LANGUAGE_STANDARD = gnu11;
				GCC_DYNAMIC_NO_PIC = NO;
				GCC_NO_COMMON_BLOCKS = YES;
				GCC_OPTIMIZATION_LEVEL = 0;
				GCC_PREPROCESSOR_DEFINITIONS = (
					"DEBUG=1",
					"$(inherited)",
				);
				GCC_WARN_64_TO_32_BIT_CONVERSION = YES;
				GCC_WARN_ABOUT_RETURN_TYPE = YES_ERROR;
				GCC_WARN_UNDECLARED_SELECTOR = YES;
				GCC_WARN_UNINITIALIZED_AUTOS = YES_AGGRESSIVE;
				GCC_WARN_UNUSED_FUNCTION = YES;
				GCC_WARN_UNUSED_VARIABLE = YES;
				IPHONEOS_DEPLOYMENT_TARGET = 15.5;
				MTL_ENABLE_DEBUG_INFO = INCLUDE_SOURCE;
				MTL_FAST_MATH = YES;
				ONLY_ACTIVE_ARCH = YES;
				SDKROOT = iphoneos;
				SWIFT_ACTIVE_COMPILATION_CONDITIONS = DEBUG;
				SWIFT_OPTIMIZATION_LEVEL = "-Onone";
			};
			name = Debug;
		};
		90577C842A825F3500B8CE6C /* Release */ = {
			isa = XCBuildConfiguration;
			buildSettings = {
				ALWAYS_SEARCH_USER_PATHS = NO;
				CLANG_ANALYZER_NONNULL = YES;
				CLANG_ANALYZER_NUMBER_OBJECT_CONVERSION = YES_AGGRESSIVE;
				CLANG_CXX_LANGUAGE_STANDARD = "gnu++17";
				CLANG_ENABLE_MODULES = YES;
				CLANG_ENABLE_OBJC_ARC = YES;
				CLANG_ENABLE_OBJC_WEAK = YES;
				CLANG_WARN_BLOCK_CAPTURE_AUTORELEASING = YES;
				CLANG_WARN_BOOL_CONVERSION = YES;
				CLANG_WARN_COMMA = YES;
				CLANG_WARN_CONSTANT_CONVERSION = YES;
				CLANG_WARN_DEPRECATED_OBJC_IMPLEMENTATIONS = YES;
				CLANG_WARN_DIRECT_OBJC_ISA_USAGE = YES_ERROR;
				CLANG_WARN_DOCUMENTATION_COMMENTS = YES;
				CLANG_WARN_EMPTY_BODY = YES;
				CLANG_WARN_ENUM_CONVERSION = YES;
				CLANG_WARN_INFINITE_RECURSION = YES;
				CLANG_WARN_INT_CONVERSION = YES;
				CLANG_WARN_NON_LITERAL_NULL_CONVERSION = YES;
				CLANG_WARN_OBJC_IMPLICIT_RETAIN_SELF = YES;
				CLANG_WARN_OBJC_LITERAL_CONVERSION = YES;
				CLANG_WARN_OBJC_ROOT_CLASS = YES_ERROR;
				CLANG_WARN_QUOTED_INCLUDE_IN_FRAMEWORK_HEADER = YES;
				CLANG_WARN_RANGE_LOOP_ANALYSIS = YES;
				CLANG_WARN_STRICT_PROTOTYPES = YES;
				CLANG_WARN_SUSPICIOUS_MOVE = YES;
				CLANG_WARN_UNGUARDED_AVAILABILITY = YES_AGGRESSIVE;
				CLANG_WARN_UNREACHABLE_CODE = YES;
				CLANG_WARN__DUPLICATE_METHOD_MATCH = YES;
				COPY_PHASE_STRIP = NO;
				DEBUG_INFORMATION_FORMAT = "dwarf-with-dsym";
				ENABLE_NS_ASSERTIONS = NO;
				ENABLE_STRICT_OBJC_MSGSEND = YES;
				GCC_C_LANGUAGE_STANDARD = gnu11;
				GCC_NO_COMMON_BLOCKS = YES;
				GCC_WARN_64_TO_32_BIT_CONVERSION = YES;
				GCC_WARN_ABOUT_RETURN_TYPE = YES_ERROR;
				GCC_WARN_UNDECLARED_SELECTOR = YES;
				GCC_WARN_UNINITIALIZED_AUTOS = YES_AGGRESSIVE;
				GCC_WARN_UNUSED_FUNCTION = YES;
				GCC_WARN_UNUSED_VARIABLE = YES;
				IPHONEOS_DEPLOYMENT_TARGET = 15.5;
				MTL_ENABLE_DEBUG_INFO = NO;
				MTL_FAST_MATH = YES;
				SDKROOT = iphoneos;
				SWIFT_COMPILATION_MODE = wholemodule;
				SWIFT_OPTIMIZATION_LEVEL = "-O";
				VALIDATE_PRODUCT = YES;
			};
			name = Release;
		};
		90577C862A825F3500B8CE6C /* Debug */ = {
			isa = XCBuildConfiguration;
			buildSettings = {
				ASSETCATALOG_COMPILER_APPICON_NAME = AppIcon;
				ASSETCATALOG_COMPILER_GLOBAL_ACCENT_COLOR_NAME = AccentColor;
				CODE_SIGN_STYLE = Automatic;
				CURRENT_PROJECT_VERSION = 1;
				DEVELOPMENT_TEAM = K837NJXMYB;
				GENERATE_INFOPLIST_FILE = YES;
				INFOPLIST_FILE = "simpra-code-case/Info.plist";
				INFOPLIST_KEY_UIApplicationSupportsIndirectInputEvents = YES;
				INFOPLIST_KEY_UILaunchStoryboardName = LaunchScreen;
				INFOPLIST_KEY_UISupportedInterfaceOrientations_iPad = "UIInterfaceOrientationPortrait UIInterfaceOrientationPortraitUpsideDown UIInterfaceOrientationLandscapeLeft UIInterfaceOrientationLandscapeRight";
				INFOPLIST_KEY_UISupportedInterfaceOrientations_iPhone = "UIInterfaceOrientationPortrait UIInterfaceOrientationLandscapeLeft UIInterfaceOrientationLandscapeRight";
				LD_RUNPATH_SEARCH_PATHS = (
					"$(inherited)",
					"@executable_path/Frameworks",
				);
				MARKETING_VERSION = 1.0;
				PRODUCT_BUNDLE_IDENTIFIER = "emircanaydin.app.simpra-code-case";
				PRODUCT_NAME = "$(TARGET_NAME)";
				SWIFT_EMIT_LOC_STRINGS = YES;
				SWIFT_VERSION = 5.0;
				TARGETED_DEVICE_FAMILY = 1;
			};
			name = Debug;
		};
		90577C872A825F3500B8CE6C /* Release */ = {
			isa = XCBuildConfiguration;
			buildSettings = {
				ASSETCATALOG_COMPILER_APPICON_NAME = AppIcon;
				ASSETCATALOG_COMPILER_GLOBAL_ACCENT_COLOR_NAME = AccentColor;
				CODE_SIGN_STYLE = Automatic;
				CURRENT_PROJECT_VERSION = 1;
				DEVELOPMENT_TEAM = K837NJXMYB;
				GENERATE_INFOPLIST_FILE = YES;
				INFOPLIST_FILE = "simpra-code-case/Info.plist";
				INFOPLIST_KEY_UIApplicationSupportsIndirectInputEvents = YES;
				INFOPLIST_KEY_UILaunchStoryboardName = LaunchScreen;
				INFOPLIST_KEY_UISupportedInterfaceOrientations_iPad = "UIInterfaceOrientationPortrait UIInterfaceOrientationPortraitUpsideDown UIInterfaceOrientationLandscapeLeft UIInterfaceOrientationLandscapeRight";
				INFOPLIST_KEY_UISupportedInterfaceOrientations_iPhone = "UIInterfaceOrientationPortrait UIInterfaceOrientationLandscapeLeft UIInterfaceOrientationLandscapeRight";
				LD_RUNPATH_SEARCH_PATHS = (
					"$(inherited)",
					"@executable_path/Frameworks",
				);
				MARKETING_VERSION = 1.0;
				PRODUCT_BUNDLE_IDENTIFIER = "emircanaydin.app.simpra-code-case";
				PRODUCT_NAME = "$(TARGET_NAME)";
				SWIFT_EMIT_LOC_STRINGS = YES;
				SWIFT_VERSION = 5.0;
				TARGETED_DEVICE_FAMILY = 1;
			};
			name = Release;
		};
		90577C892A825F3500B8CE6C /* Debug */ = {
			isa = XCBuildConfiguration;
			buildSettings = {
				ALWAYS_EMBED_SWIFT_STANDARD_LIBRARIES = YES;
				BUNDLE_LOADER = "$(TEST_HOST)";
				CODE_SIGN_STYLE = Automatic;
				CURRENT_PROJECT_VERSION = 1;
				DEVELOPMENT_TEAM = K837NJXMYB;
				GENERATE_INFOPLIST_FILE = YES;
				IPHONEOS_DEPLOYMENT_TARGET = 15.5;
				MARKETING_VERSION = 1.0;
				PRODUCT_BUNDLE_IDENTIFIER = "emircanaydin.app.simpra-code-caseTests";
				PRODUCT_NAME = "$(TARGET_NAME)";
				SWIFT_EMIT_LOC_STRINGS = NO;
				SWIFT_VERSION = 5.0;
				TARGETED_DEVICE_FAMILY = "1,2";
				TEST_HOST = "$(BUILT_PRODUCTS_DIR)/simpra-code-case.app/simpra-code-case";
			};
			name = Debug;
		};
		90577C8A2A825F3500B8CE6C /* Release */ = {
			isa = XCBuildConfiguration;
			buildSettings = {
				ALWAYS_EMBED_SWIFT_STANDARD_LIBRARIES = YES;
				BUNDLE_LOADER = "$(TEST_HOST)";
				CODE_SIGN_STYLE = Automatic;
				CURRENT_PROJECT_VERSION = 1;
				DEVELOPMENT_TEAM = K837NJXMYB;
				GENERATE_INFOPLIST_FILE = YES;
				IPHONEOS_DEPLOYMENT_TARGET = 15.5;
				MARKETING_VERSION = 1.0;
				PRODUCT_BUNDLE_IDENTIFIER = "emircanaydin.app.simpra-code-caseTests";
				PRODUCT_NAME = "$(TARGET_NAME)";
				SWIFT_EMIT_LOC_STRINGS = NO;
				SWIFT_VERSION = 5.0;
				TARGETED_DEVICE_FAMILY = "1,2";
				TEST_HOST = "$(BUILT_PRODUCTS_DIR)/simpra-code-case.app/simpra-code-case";
			};
			name = Release;
		};
		90577C8C2A825F3500B8CE6C /* Debug */ = {
			isa = XCBuildConfiguration;
			buildSettings = {
				ALWAYS_EMBED_SWIFT_STANDARD_LIBRARIES = YES;
				CODE_SIGN_STYLE = Automatic;
				CURRENT_PROJECT_VERSION = 1;
				DEVELOPMENT_TEAM = K837NJXMYB;
				GENERATE_INFOPLIST_FILE = YES;
				MARKETING_VERSION = 1.0;
				PRODUCT_BUNDLE_IDENTIFIER = "emircanaydin.app.simpra-code-caseUITests";
				PRODUCT_NAME = "$(TARGET_NAME)";
				SWIFT_EMIT_LOC_STRINGS = NO;
				SWIFT_VERSION = 5.0;
				TARGETED_DEVICE_FAMILY = "1,2";
				TEST_TARGET_NAME = "simpra-code-case";
			};
			name = Debug;
		};
		90577C8D2A825F3500B8CE6C /* Release */ = {
			isa = XCBuildConfiguration;
			buildSettings = {
				ALWAYS_EMBED_SWIFT_STANDARD_LIBRARIES = YES;
				CODE_SIGN_STYLE = Automatic;
				CURRENT_PROJECT_VERSION = 1;
				DEVELOPMENT_TEAM = K837NJXMYB;
				GENERATE_INFOPLIST_FILE = YES;
				MARKETING_VERSION = 1.0;
				PRODUCT_BUNDLE_IDENTIFIER = "emircanaydin.app.simpra-code-caseUITests";
				PRODUCT_NAME = "$(TARGET_NAME)";
				SWIFT_EMIT_LOC_STRINGS = NO;
				SWIFT_VERSION = 5.0;
				TARGETED_DEVICE_FAMILY = "1,2";
				TEST_TARGET_NAME = "simpra-code-case";
			};
			name = Release;
		};
/* End XCBuildConfiguration section */

/* Begin XCConfigurationList section */
		90577C562A825F3400B8CE6C /* Build configuration list for PBXProject "simpra-code-case" */ = {
			isa = XCConfigurationList;
			buildConfigurations = (
				90577C832A825F3500B8CE6C /* Debug */,
				90577C842A825F3500B8CE6C /* Release */,
			);
			defaultConfigurationIsVisible = 0;
			defaultConfigurationName = Release;
		};
		90577C852A825F3500B8CE6C /* Build configuration list for PBXNativeTarget "simpra-code-case" */ = {
			isa = XCConfigurationList;
			buildConfigurations = (
				90577C862A825F3500B8CE6C /* Debug */,
				90577C872A825F3500B8CE6C /* Release */,
			);
			defaultConfigurationIsVisible = 0;
			defaultConfigurationName = Release;
		};
		90577C882A825F3500B8CE6C /* Build configuration list for PBXNativeTarget "simpra-code-caseTests" */ = {
			isa = XCConfigurationList;
			buildConfigurations = (
				90577C892A825F3500B8CE6C /* Debug */,
				90577C8A2A825F3500B8CE6C /* Release */,
			);
			defaultConfigurationIsVisible = 0;
			defaultConfigurationName = Release;
		};
		90577C8B2A825F3500B8CE6C /* Build configuration list for PBXNativeTarget "simpra-code-caseUITests" */ = {
			isa = XCConfigurationList;
			buildConfigurations = (
				90577C8C2A825F3500B8CE6C /* Debug */,
				90577C8D2A825F3500B8CE6C /* Release */,
			);
			defaultConfigurationIsVisible = 0;
			defaultConfigurationName = Release;
		};
/* End XCConfigurationList section */

/* Begin XCRemoteSwiftPackageReference section */
		9064AC252A828CED00F53F5F /* XCRemoteSwiftPackageReference "SnapKit" */ = {
			isa = XCRemoteSwiftPackageReference;
			repositoryURL = "https://github.com/SnapKit/SnapKit.git";
			requirement = {
				kind = upToNextMajorVersion;
				minimumVersion = 5.0.0;
			};
		};
		906B857D2A8263F600DFBB99 /* XCRemoteSwiftPackageReference "realm-swift" */ = {
			isa = XCRemoteSwiftPackageReference;
			repositoryURL = "https://github.com/realm/realm-swift";
			requirement = {
				kind = exactVersion;
				version = 10.39.1;
			};
		};
		906B85822A82640B00DFBB99 /* XCRemoteSwiftPackageReference "SwinjectAutoregistration" */ = {
			isa = XCRemoteSwiftPackageReference;
			repositoryURL = "https://github.com/Swinject/SwinjectAutoregistration.git";
			requirement = {
				kind = upToNextMajorVersion;
				minimumVersion = 2.0.0;
			};
		};
		906B85852A82642400DFBB99 /* XCRemoteSwiftPackageReference "Swinject" */ = {
			isa = XCRemoteSwiftPackageReference;
			repositoryURL = "https://github.com/Swinject/Swinject.git";
			requirement = {
				kind = upToNextMajorVersion;
				minimumVersion = 2.0.0;
			};
		};
		906B85882A82643B00DFBB99 /* XCRemoteSwiftPackageReference "RxSwift" */ = {
			isa = XCRemoteSwiftPackageReference;
			repositoryURL = "https://github.com/ReactiveX/RxSwift";
			requirement = {
				kind = upToNextMajorVersion;
				minimumVersion = 6.0.0;
			};
		};
		906B858D2A82645600DFBB99 /* XCRemoteSwiftPackageReference "NetworkLayer" */ = {
			isa = XCRemoteSwiftPackageReference;
			repositoryURL = "https://github.com/emircanaydin/NetworkLayer";
			requirement = {
				kind = upToNextMajorVersion;
				minimumVersion = 1.0.0;
			};
		};
/* End XCRemoteSwiftPackageReference section */

/* Begin XCSwiftPackageProductDependency section */
		9064AC262A828CED00F53F5F /* SnapKit */ = {
			isa = XCSwiftPackageProductDependency;
			package = 9064AC252A828CED00F53F5F /* XCRemoteSwiftPackageReference "SnapKit" */;
			productName = SnapKit;
		};
		906B857E2A8263F600DFBB99 /* Realm */ = {
			isa = XCSwiftPackageProductDependency;
			package = 906B857D2A8263F600DFBB99 /* XCRemoteSwiftPackageReference "realm-swift" */;
			productName = Realm;
		};
		906B85802A8263F600DFBB99 /* RealmSwift */ = {
			isa = XCSwiftPackageProductDependency;
			package = 906B857D2A8263F600DFBB99 /* XCRemoteSwiftPackageReference "realm-swift" */;
			productName = RealmSwift;
		};
		906B85832A82640B00DFBB99 /* SwinjectAutoregistration */ = {
			isa = XCSwiftPackageProductDependency;
			package = 906B85822A82640B00DFBB99 /* XCRemoteSwiftPackageReference "SwinjectAutoregistration" */;
			productName = SwinjectAutoregistration;
		};
		906B85862A82642400DFBB99 /* Swinject */ = {
			isa = XCSwiftPackageProductDependency;
			package = 906B85852A82642400DFBB99 /* XCRemoteSwiftPackageReference "Swinject" */;
			productName = Swinject;
		};
		906B85892A82643B00DFBB99 /* RxCocoa */ = {
			isa = XCSwiftPackageProductDependency;
			package = 906B85882A82643B00DFBB99 /* XCRemoteSwiftPackageReference "RxSwift" */;
			productName = RxCocoa;
		};
		906B858B2A82643B00DFBB99 /* RxSwift */ = {
			isa = XCSwiftPackageProductDependency;
			package = 906B85882A82643B00DFBB99 /* XCRemoteSwiftPackageReference "RxSwift" */;
			productName = RxSwift;
		};
		906B858E2A82645600DFBB99 /* NetworkLayer */ = {
			isa = XCSwiftPackageProductDependency;
			package = 906B858D2A82645600DFBB99 /* XCRemoteSwiftPackageReference "NetworkLayer" */;
			productName = NetworkLayer;
		};
/* End XCSwiftPackageProductDependency section */
	};
	rootObject = 90577C532A825F3400B8CE6C /* Project object */;
}
